// !$*UTF8*$!
{
	archiveVersion = 1;
	classes = {
	};
	objectVersion = 46;
	objects = {

/* Begin PBXBuildFile section */
		AFD8DCC71A2E0C770005DFB0 /* main.m in Sources */ = {isa = PBXBuildFile; fileRef = AFD8DCC61A2E0C770005DFB0 /* main.m */; };
		AFD8DCCA1A2E0C770005DFB0 /* AppDelegate.m in Sources */ = {isa = PBXBuildFile; fileRef = AFD8DCC91A2E0C770005DFB0 /* AppDelegate.m */; };
		AFD8DCCD1A2E0C770005DFB0 /* ViewController.m in Sources */ = {isa = PBXBuildFile; fileRef = AFD8DCCC1A2E0C770005DFB0 /* ViewController.m */; };
		AFD8DCD01A2E0C770005DFB0 /* Main.storyboard in Resources */ = {isa = PBXBuildFile; fileRef = AFD8DCCE1A2E0C770005DFB0 /* Main.storyboard */; };
		AFD8DCD21A2E0C770005DFB0 /* Images.xcassets in Resources */ = {isa = PBXBuildFile; fileRef = AFD8DCD11A2E0C770005DFB0 /* Images.xcassets */; };
		AFD8DCD51A2E0C770005DFB0 /* LaunchScreen.xib in Resources */ = {isa = PBXBuildFile; fileRef = AFD8DCD31A2E0C770005DFB0 /* LaunchScreen.xib */; };
		AFD8DCE11A2E0C770005DFB0 /* CarebaTests.m in Sources */ = {isa = PBXBuildFile; fileRef = AFD8DCE01A2E0C770005DFB0 /* CarebaTests.m */; };
/* End PBXBuildFile section */

/* Begin PBXContainerItemProxy section */
		AFD8DCDB1A2E0C770005DFB0 /* PBXContainerItemProxy */ = {
			isa = PBXContainerItemProxy;
			containerPortal = AFD8DCB91A2E0C770005DFB0 /* Project object */;
			proxyType = 1;
			remoteGlobalIDString = AFD8DCC01A2E0C770005DFB0;
			remoteInfo = Careba;
		};
/* End PBXContainerItemProxy section */

/* Begin PBXFileReference section */
		AFD8DCC11A2E0C770005DFB0 /* Careba.app */ = {isa = PBXFileReference; explicitFileType = wrapper.application; includeInIndex = 0; path = Careba.app; sourceTree = BUILT_PRODUCTS_DIR; };
		AFD8DCC51A2E0C770005DFB0 /* Info.plist */ = {isa = PBXFileReference; lastKnownFileType = text.plist.xml; path = Info.plist; sourceTree = "<group>"; };
		AFD8DCC61A2E0C770005DFB0 /* main.m */ = {isa = PBXFileReference; lastKnownFileType = sourcecode.c.objc; path = main.m; sourceTree = "<group>"; };
		AFD8DCC81A2E0C770005DFB0 /* AppDelegate.h */ = {isa = PBXFileReference; lastKnownFileType = sourcecode.c.h; path = AppDelegate.h; sourceTree = "<group>"; };
		AFD8DCC91A2E0C770005DFB0 /* AppDelegate.m */ = {isa = PBXFileReference; lastKnownFileType = sourcecode.c.objc; path = AppDelegate.m; sourceTree = "<group>"; };
		AFD8DCCB1A2E0C770005DFB0 /* ViewController.h */ = {isa = PBXFileReference; lastKnownFileType = sourcecode.c.h; path = ViewController.h; sourceTree = "<group>"; };
		AFD8DCCC1A2E0C770005DFB0 /* ViewController.m */ = {isa = PBXFileReference; lastKnownFileType = sourcecode.c.objc; path = ViewController.m; sourceTree = "<group>"; };
		AFD8DCCF1A2E0C770005DFB0 /* Base */ = {isa = PBXFileReference; lastKnownFileType = file.storyboard; name = Base; path = Base.lproj/Main.storyboard; sourceTree = "<group>"; };
		AFD8DCD11A2E0C770005DFB0 /* Images.xcassets */ = {isa = PBXFileReference; lastKnownFileType = folder.assetcatalog; path = Images.xcassets; sourceTree = "<group>"; };
		AFD8DCD41A2E0C770005DFB0 /* Base */ = {isa = PBXFileReference; lastKnownFileType = file.xib; name = Base; path = Base.lproj/LaunchScreen.xib; sourceTree = "<group>"; };
		AFD8DCDA1A2E0C770005DFB0 /* CarebaTests.xctest */ = {isa = PBXFileReference; explicitFileType = wrapper.cfbundle; includeInIndex = 0; path = CarebaTests.xctest; sourceTree = BUILT_PRODUCTS_DIR; };
		AFD8DCDF1A2E0C770005DFB0 /* Info.plist */ = {isa = PBXFileReference; lastKnownFileType = text.plist.xml; path = Info.plist; sourceTree = "<group>"; };
		AFD8DCE01A2E0C770005DFB0 /* CarebaTests.m */ = {isa = PBXFileReference; lastKnownFileType = sourcecode.c.objc; path = CarebaTests.m; sourceTree = "<group>"; };
/* End PBXFileReference section */

/* Begin PBXFrameworksBuildPhase section */
		AFD8DCBE1A2E0C770005DFB0 /* Frameworks */ = {
			isa = PBXFrameworksBuildPhase;
			buildActionMask = 2147483647;
			files = (
			);
			runOnlyForDeploymentPostprocessing = 0;
		};
		AFD8DCD71A2E0C770005DFB0 /* Frameworks */ = {
			isa = PBXFrameworksBuildPhase;
			buildActionMask = 2147483647;
			files = (
			);
			runOnlyForDeploymentPostprocessing = 0;
		};
/* End PBXFrameworksBuildPhase section */

/* Begin PBXGroup section */
		AFD8DCB81A2E0C770005DFB0 = {
			isa = PBXGroup;
			children = (
				AFD8DCC31A2E0C770005DFB0 /* Careba */,
				AFD8DCDD1A2E0C770005DFB0 /* CarebaTests */,
				AFD8DCC21A2E0C770005DFB0 /* Products */,
			);
			sourceTree = "<group>";
		};
		AFD8DCC21A2E0C770005DFB0 /* Products */ = {
			isa = PBXGroup;
			children = (
				AFD8DCC11A2E0C770005DFB0 /* Careba.app */,
				AFD8DCDA1A2E0C770005DFB0 /* CarebaTests.xctest */,
			);
			name = Products;
			sourceTree = "<group>";
		};
		AFD8DCC31A2E0C770005DFB0 /* Careba */ = {
			isa = PBXGroup;
			children = (
				AFD8DCC81A2E0C770005DFB0 /* AppDelegate.h */,
				AFD8DCC91A2E0C770005DFB0 /* AppDelegate.m */,
				AFD8DCCB1A2E0C770005DFB0 /* ViewController.h */,
				AFD8DCCC1A2E0C770005DFB0 /* ViewController.m */,
				AFD8DCCE1A2E0C770005DFB0 /* Main.storyboard */,
				AFD8DCD11A2E0C770005DFB0 /* Images.xcassets */,
				AFD8DCD31A2E0C770005DFB0 /* LaunchScreen.xib */,
				AFD8DCC41A2E0C770005DFB0 /* Supporting Files */,
			);
			path = Careba;
			sourceTree = "<group>";
		};
		AFD8DCC41A2E0C770005DFB0 /* Supporting Files */ = {
			isa = PBXGroup;
			children = (
				AFD8DCC51A2E0C770005DFB0 /* Info.plist */,
				AFD8DCC61A2E0C770005DFB0 /* main.m */,
			);
			name = "Supporting Files";
			sourceTree = "<group>";
		};
		AFD8DCDD1A2E0C770005DFB0 /* CarebaTests */ = {
			isa = PBXGroup;
			children = (
				AFD8DCE01A2E0C770005DFB0 /* CarebaTests.m */,
				AFD8DCDE1A2E0C770005DFB0 /* Supporting Files */,
			);
			path = CarebaTests;
			sourceTree = "<group>";
		};
		AFD8DCDE1A2E0C770005DFB0 /* Supporting Files */ = {
			isa = PBXGroup;
			children = (
				AFD8DCDF1A2E0C770005DFB0 /* Info.plist */,
			);
			name = "Supporting Files";
			sourceTree = "<group>";
		};
/* End PBXGroup section */

/* Begin PBXNativeTarget section */
		AFD8DCC01A2E0C770005DFB0 /* Careba */ = {
			isa = PBXNativeTarget;
			buildConfigurationList = AFD8DCE41A2E0C770005DFB0 /* Build configuration list for PBXNativeTarget "Careba" */;
			buildPhases = (
				AFD8DCBD1A2E0C770005DFB0 /* Sources */,
				AFD8DCBE1A2E0C770005DFB0 /* Frameworks */,
				AFD8DCBF1A2E0C770005DFB0 /* Resources */,
			);
			buildRules = (
			);
			dependencies = (
			);
			name = Careba;
			productName = Careba;
			productReference = AFD8DCC11A2E0C770005DFB0 /* Careba.app */;
			productType = "com.apple.product-type.application";
		};
		AFD8DCD91A2E0C770005DFB0 /* CarebaTests */ = {
			isa = PBXNativeTarget;
			buildConfigurationList = AFD8DCE71A2E0C770005DFB0 /* Build configuration list for PBXNativeTarget "CarebaTests" */;
			buildPhases = (
				AFD8DCD61A2E0C770005DFB0 /* Sources */,
				AFD8DCD71A2E0C770005DFB0 /* Frameworks */,
				AFD8DCD81A2E0C770005DFB0 /* Resources */,
			);
			buildRules = (
			);
			dependencies = (
				AFD8DCDC1A2E0C770005DFB0 /* PBXTargetDependency */,
			);
			name = CarebaTests;
			productName = CarebaTests;
			productReference = AFD8DCDA1A2E0C770005DFB0 /* CarebaTests.xctest */;
			productType = "com.apple.product-type.bundle.unit-test";
		};
/* End PBXNativeTarget section */

/* Begin PBXProject section */
		AFD8DCB91A2E0C770005DFB0 /* Project object */ = {
			isa = PBXProject;
			attributes = {
				LastUpgradeCheck = 0610;
				ORGANIZATIONNAME = "Dmitry Kurilo";
				TargetAttributes = {
					AFD8DCC01A2E0C770005DFB0 = {
						CreatedOnToolsVersion = 6.1;
					};
					AFD8DCD91A2E0C770005DFB0 = {
						CreatedOnToolsVersion = 6.1;
						TestTargetID = AFD8DCC01A2E0C770005DFB0;
					};
				};
			};
			buildConfigurationList = AFD8DCBC1A2E0C770005DFB0 /* Build configuration list for PBXProject "Careba" */;
			compatibilityVersion = "Xcode 3.2";
			developmentRegion = English;
			hasScannedForEncodings = 0;
			knownRegions = (
				en,
				Base,
			);
			mainGroup = AFD8DCB81A2E0C770005DFB0;
			productRefGroup = AFD8DCC21A2E0C770005DFB0 /* Products */;
			projectDirPath = "";
			projectRoot = "";
			targets = (
				AFD8DCC01A2E0C770005DFB0 /* Careba */,
				AFD8DCD91A2E0C770005DFB0 /* CarebaTests */,
			);
		};
/* End PBXProject section */

/* Begin PBXResourcesBuildPhase section */
		AFD8DCBF1A2E0C770005DFB0 /* Resources */ = {
			isa = PBXResourcesBuildPhase;
			buildActionMask = 2147483647;
			files = (
				AFD8DCD01A2E0C770005DFB0 /* Main.storyboard in Resources */,
				AFD8DCD51A2E0C770005DFB0 /* LaunchScreen.xib in Resources */,
				AFD8DCD21A2E0C770005DFB0 /* Images.xcassets in Resources */,
			);
			runOnlyForDeploymentPostprocessing = 0;
		};
		AFD8DCD81A2E0C770005DFB0 /* Resources */ = {
			isa = PBXResourcesBuildPhase;
			buildActionMask = 2147483647;
			files = (
			);
			runOnlyForDeploymentPostprocessing = 0;
		};
/* End PBXResourcesBuildPhase section */

/* Begin PBXSourcesBuildPhase section */
		AFD8DCBD1A2E0C770005DFB0 /* Sources */ = {
			isa = PBXSourcesBuildPhase;
			buildActionMask = 2147483647;
			files = (
				AFD8DCCD1A2E0C770005DFB0 /* ViewController.m in Sources */,
				AFD8DCCA1A2E0C770005DFB0 /* AppDelegate.m in Sources */,
				AFD8DCC71A2E0C770005DFB0 /* main.m in Sources */,
			);
			runOnlyForDeploymentPostprocessing = 0;
		};
		AFD8DCD61A2E0C770005DFB0 /* Sources */ = {
			isa = PBXSourcesBuildPhase;
			buildActionMask = 2147483647;
			files = (
				AFD8DCE11A2E0C770005DFB0 /* CarebaTests.m in Sources */,
			);
			runOnlyForDeploymentPostprocessing = 0;
		};
/* End PBXSourcesBuildPhase section */

/* Begin PBXTargetDependency section */
		AFD8DCDC1A2E0C770005DFB0 /* PBXTargetDependency */ = {
			isa = PBXTargetDependency;
			target = AFD8DCC01A2E0C770005DFB0 /* Careba */;
			targetProxy = AFD8DCDB1A2E0C770005DFB0 /* PBXContainerItemProxy */;
		};
/* End PBXTargetDependency section */

/* Begin PBXVariantGroup section */
		AFD8DCCE1A2E0C770005DFB0 /* Main.storyboard */ = {
			isa = PBXVariantGroup;
			children = (
				AFD8DCCF1A2E0C770005DFB0 /* Base */,
			);
			name = Main.storyboard;
			sourceTree = "<group>";
		};
		AFD8DCD31A2E0C770005DFB0 /* LaunchScreen.xib */ = {
			isa = PBXVariantGroup;
			children = (
				AFD8DCD41A2E0C770005DFB0 /* Base */,
			);
			name = LaunchScreen.xib;
			sourceTree = "<group>";
		};
/* End PBXVariantGroup section */

/* Begin XCBuildConfiguration section */
		AFD8DCE21A2E0C770005DFB0 /* Debug */ = {
			isa = XCBuildConfiguration;
			buildSettings = {
				ALWAYS_SEARCH_USER_PATHS = NO;
				CLANG_CXX_LANGUAGE_STANDARD = "gnu++0x";
				CLANG_CXX_LIBRARY = "libc++";
				CLANG_ENABLE_MODULES = YES;
				CLANG_ENABLE_OBJC_ARC = YES;
				CLANG_WARN_BOOL_CONVERSION = YES;
				CLANG_WARN_CONSTANT_CONVERSION = YES;
				CLANG_WARN_DIRECT_OBJC_ISA_USAGE = YES_ERROR;
				CLANG_WARN_EMPTY_BODY = YES;
				CLANG_WARN_ENUM_CONVERSION = YES;
				CLANG_WARN_INT_CONVERSION = YES;
				CLANG_WARN_OBJC_ROOT_CLASS = YES_ERROR;
				CLANG_WARN_UNREACHABLE_CODE = YES;
				CLANG_WARN__DUPLICATE_METHOD_MATCH = YES;
				"CODE_SIGN_IDENTITY[sdk=iphoneos*]" = "iPhone Developer";
				COPY_PHASE_STRIP = NO;
				ENABLE_STRICT_OBJC_MSGSEND = YES;
				GCC_C_LANGUAGE_STANDARD = gnu99;
				GCC_DYNAMIC_NO_PIC = NO;
				GCC_OPTIMIZATION_LEVEL = 0;
				GCC_PREPROCESSOR_DEFINITIONS = (
					"DEBUG=1",
					"$(inherited)",
				);
				GCC_SYMBOLS_PRIVATE_EXTERN = NO;
				GCC_WARN_64_TO_32_BIT_CONVERSION = YES;
				GCC_WARN_ABOUT_RETURN_TYPE = YES_ERROR;
				GCC_WARN_UNDECLARED_SELECTOR = YES;
				GCC_WARN_UNINITIALIZED_AUTOS = YES_AGGRESSIVE;
				GCC_WARN_UNUSED_FUNCTION = YES;
				GCC_WARN_UNUSED_VARIABLE = YES;
				IPHONEOS_DEPLOYMENT_TARGET = 8.1;
				MTL_ENABLE_DEBUG_INFO = YES;
				ONLY_ACTIVE_ARCH = YES;
				SDKROOT = iphoneos;
			};
			name = Debug;
		};
		AFD8DCE31A2E0C770005DFB0 /* Release */ = {
			isa = XCBuildConfiguration;
			buildSettings = {
				ALWAYS_SEARCH_USER_PATHS = NO;
				CLANG_CXX_LANGUAGE_STANDARD = "gnu++0x";
				CLANG_CXX_LIBRARY = "libc++";
				CLANG_ENABLE_MODULES = YES;
				CLANG_ENABLE_OBJC_ARC = YES;
				CLANG_WARN_BOOL_CONVERSION = YES;
				CLANG_WARN_CONSTANT_CONVERSION = YES;
				CLANG_WARN_DIRECT_OBJC_ISA_USAGE = YES_ERROR;
				CLANG_WARN_EMPTY_BODY = YES;
				CLANG_WARN_ENUM_CONVERSION = YES;
				CLANG_WARN_INT_CONVERSION = YES;
				CLANG_WARN_OBJC_ROOT_CLASS = YES_ERROR;
				CLANG_WARN_UNREACHABLE_CODE = YES;
				CLANG_WARN__DUPLICATE_METHOD_MATCH = YES;
				"CODE_SIGN_IDENTITY[sdk=iphoneos*]" = "iPhone Developer";
				COPY_PHASE_STRIP = YES;
				ENABLE_NS_ASSERTIONS = NO;
				ENABLE_STRICT_OBJC_MSGSEND = YES;
				GCC_C_LANGUAGE_STANDARD = gnu99;
				GCC_WARN_64_TO_32_BIT_CONVERSION = YES;
				GCC_WARN_ABOUT_RETURN_TYPE = YES_ERROR;
				GCC_WARN_UNDECLARED_SELECTOR = YES;
				GCC_WARN_UNINITIALIZED_AUTOS = YES_AGGRESSIVE;
				GCC_WARN_UNUSED_FUNCTION = YES;
				GCC_WARN_UNUSED_VARIABLE = YES;
				IPHONEOS_DEPLOYMENT_TARGET = 8.1;
				MTL_ENABLE_DEBUG_INFO = NO;
				SDKROOT = iphoneos;
				VALIDATE_PRODUCT = YES;
			};
			name = Release;
		};
		AFD8DCE51A2E0C770005DFB0 /* Debug */ = {
			isa = XCBuildConfiguration;
			buildSettings = {
				ASSETCATALOG_COMPILER_APPICON_NAME = AppIcon;
				INFOPLIST_FILE = Careba/Info.plist;
				LD_RUNPATH_SEARCH_PATHS = "$(inherited) @executable_path/Frameworks";
				PRODUCT_NAME = "$(TARGET_NAME)";
			};
			name = Debug;
		};
		AFD8DCE61A2E0C770005DFB0 /* Release */ = {
			isa = XCBuildConfiguration;
			buildSettings = {
				ASSETCATALOG_COMPILER_APPICON_NAME = AppIcon;
				INFOPLIST_FILE = Careba/Info.plist;
				LD_RUNPATH_SEARCH_PATHS = "$(inherited) @executable_path/Frameworks";
				PRODUCT_NAME = "$(TARGET_NAME)";
			};
			name = Release;
		};
		AFD8DCE81A2E0C770005DFB0 /* Debug */ = {
			isa = XCBuildConfiguration;
			buildSettings = {
				BUNDLE_LOADER = "$(TEST_HOST)";
				FRAMEWORK_SEARCH_PATHS = (
					"$(SDKROOT)/Developer/Library/Frameworks",
					"$(inherited)",
				);
				GCC_PREPROCESSOR_DEFINITIONS = (
					"DEBUG=1",
					"$(inherited)",
				);
				INFOPLIST_FILE = CarebaTests/Info.plist;
				LD_RUNPATH_SEARCH_PATHS = "$(inherited) @executable_path/Frameworks @loader_path/Frameworks";
				PRODUCT_NAME = "$(TARGET_NAME)";
				TEST_HOST = "$(BUILT_PRODUCTS_DIR)/Careba.app/Careba";
			};
			name = Debug;
		};
		AFD8DCE91A2E0C770005DFB0 /* Release */ = {
			isa = XCBuildConfiguration;
			buildSettings = {
				BUNDLE_LOADER = "$(TEST_HOST)";
				FRAMEWORK_SEARCH_PATHS = (
					"$(SDKROOT)/Developer/Library/Frameworks",
					"$(inherited)",
				);
				INFOPLIST_FILE = CarebaTests/Info.plist;
				LD_RUNPATH_SEARCH_PATHS = "$(inherited) @executable_path/Frameworks @loader_path/Frameworks";
				PRODUCT_NAME = "$(TARGET_NAME)";
				TEST_HOST = "$(BUILT_PRODUCTS_DIR)/Careba.app/Careba";
			};
			name = Release;
		};
/* End XCBuildConfiguration section */

/* Begin XCConfigurationList section */
		AFD8DCBC1A2E0C770005DFB0 /* Build configuration list for PBXProject "Careba" */ = {
			isa = XCConfigurationList;
			buildConfigurations = (
				AFD8DCE21A2E0C770005DFB0 /* Debug */,
				AFD8DCE31A2E0C770005DFB0 /* Release */,
			);
			defaultConfigurationIsVisible = 0;
			defaultConfigurationName = Release;
		};
		AFD8DCE41A2E0C770005DFB0 /* Build configuration list for PBXNativeTarget "Careba" */ = {
			isa = XCConfigurationList;
			buildConfigurations = (
				AFD8DCE51A2E0C770005DFB0 /* Debug */,
				AFD8DCE61A2E0C770005DFB0 /* Release */,
			);
			defaultConfigurationIsVisible = 0;
		};
		AFD8DCE71A2E0C770005DFB0 /* Build configuration list for PBXNativeTarget "CarebaTests" */ = {
			isa = XCConfigurationList;
			buildConfigurations = (
				AFD8DCE81A2E0C770005DFB0 /* Debug */,
				AFD8DCE91A2E0C770005DFB0 /* Release */,
			);
			defaultConfigurationIsVisible = 0;
		};
/* End XCConfigurationList section */
	};
	rootObject = AFD8DCB91A2E0C770005DFB0 /* Project object */;
}
