// !$*UTF8*$!
{
	archiveVersion = 1;
	classes = {
	};
	objectVersion = 46;
	objects = {

/* Begin PBXBuildFile section */
		6CA727CF350AFD1D6E16BEF2 /* libPods-Careba.a in Frameworks */ = {isa = PBXBuildFile; fileRef = A612720B76682F36EA70F82A /* libPods-Careba.a */; };
		AF0423121A41A7DB00204FB4 /* CACafeAboutViewController.m in Sources */ = {isa = PBXBuildFile; fileRef = AF0423111A41A7DB00204FB4 /* CACafeAboutViewController.m */; };
		AF0423151A41BDC500204FB4 /* CAInsetFoodKindTextField.m in Sources */ = {isa = PBXBuildFile; fileRef = AF0423141A41BDC500204FB4 /* CAInsetFoodKindTextField.m */; };
		AF0423181A41BE2700204FB4 /* CAPlaceKindCollectionViewCell.m in Sources */ = {isa = PBXBuildFile; fileRef = AF0423171A41BE2700204FB4 /* CAPlaceKindCollectionViewCell.m */; };
		AF0AC2491AAE352E00D09A72 /* CACheckoutNextCell.m in Sources */ = {isa = PBXBuildFile; fileRef = AF0AC2481AAE352E00D09A72 /* CACheckoutNextCell.m */; };
		AF2B4DFE1A41DEA900645259 /* CAFoodCell.m in Sources */ = {isa = PBXBuildFile; fileRef = AF2B4DFD1A41DEA900645259 /* CAFoodCell.m */; };
		AF2D61481A4EFEA4009F0135 /* CoreTelephony.framework in Frameworks */ = {isa = PBXBuildFile; fileRef = AF84C64F1A38AD2700C9288B /* CoreTelephony.framework */; };
		AF2D614B1A4F0FCC009F0135 /* CACodeViewController.m in Sources */ = {isa = PBXBuildFile; fileRef = AF2D614A1A4F0FCC009F0135 /* CACodeViewController.m */; };
		AF2D614E1A4F11DE009F0135 /* CAWhatsYourNameViewController.m in Sources */ = {isa = PBXBuildFile; fileRef = AF2D614D1A4F11DE009F0135 /* CAWhatsYourNameViewController.m */; };
		AF2D61571A4F131A009F0135 /* DZGImgGlyphLabel.m in Sources */ = {isa = PBXBuildFile; fileRef = AF2D61511A4F131A009F0135 /* DZGImgGlyphLabel.m */; };
		AF2D61581A4F131A009F0135 /* DZGImgGlyphTextView.m in Sources */ = {isa = PBXBuildFile; fileRef = AF2D61531A4F131A009F0135 /* DZGImgGlyphTextView.m */; };
		AF2D61591A4F131A009F0135 /* DZGDictionaryStringParser.m in Sources */ = {isa = PBXBuildFile; fileRef = AF2D61561A4F131A009F0135 /* DZGDictionaryStringParser.m */; };
		AF2D615C1A4F3706009F0135 /* CACardViewController.m in Sources */ = {isa = PBXBuildFile; fileRef = AF2D615B1A4F3706009F0135 /* CACardViewController.m */; };
		AF4C84AF1A90B9D300AFE32F /* CAMenu.m in Sources */ = {isa = PBXBuildFile; fileRef = AF4C84AE1A90B9D300AFE32F /* CAMenu.m */; };
		AF4C84B21A90BA3B00AFE32F /* CASection.m in Sources */ = {isa = PBXBuildFile; fileRef = AF4C84B11A90BA3B00AFE32F /* CASection.m */; };
		AF4C84B51A90BAC500AFE32F /* CAItem.m in Sources */ = {isa = PBXBuildFile; fileRef = AF4C84B41A90BAC500AFE32F /* CAItem.m */; };
		AF4C84B81A90BCC300AFE32F /* CAMenuManager.m in Sources */ = {isa = PBXBuildFile; fileRef = AF4C84B71A90BCC300AFE32F /* CAMenuManager.m */; };
		AF4C84BB1A90C21A00AFE32F /* CAFoodSectionCell.m in Sources */ = {isa = PBXBuildFile; fileRef = AF4C84BA1A90C21A00AFE32F /* CAFoodSectionCell.m */; };
		AF4C84BE1A90C69A00AFE32F /* CASet.m in Sources */ = {isa = PBXBuildFile; fileRef = AF4C84BD1A90C69A00AFE32F /* CASet.m */; };
		AF4C84C11A90C7C200AFE32F /* CAFoodSetCell.m in Sources */ = {isa = PBXBuildFile; fileRef = AF4C84C01A90C7C200AFE32F /* CAFoodSetCell.m */; };
		AF4C8EAC1A38AA7000E8390A /* CACafeListViewController.m in Sources */ = {isa = PBXBuildFile; fileRef = AF4C8EAB1A38AA6F00E8390A /* CACafeListViewController.m */; };
		AF50EF8C1A42DCF700B9793A /* UIView+Utils.m in Sources */ = {isa = PBXBuildFile; fileRef = AF50EF8B1A42DCF700B9793A /* UIView+Utils.m */; };
		AF5845731AA2112800BBD2F1 /* CAShopCard.m in Sources */ = {isa = PBXBuildFile; fileRef = AF5845721AA2112800BBD2F1 /* CAShopCard.m */; };
		AF5FEBEF1AB3186100974A3D /* CAOrderStatusViewController.m in Sources */ = {isa = PBXBuildFile; fileRef = AF5FEBEE1AB3186100974A3D /* CAOrderStatusViewController.m */; };
		AF64F1891AB0C2D200C005C0 /* CADatePickerCell.m in Sources */ = {isa = PBXBuildFile; fileRef = AF64F1881AB0C2D200C005C0 /* CADatePickerCell.m */; };
		AF64F18C1AB2297900C005C0 /* CAProfileViewController.m in Sources */ = {isa = PBXBuildFile; fileRef = AF64F18B1AB2297900C005C0 /* CAProfileViewController.m */; };
		AF64F18F1AB22C8400C005C0 /* CAProfileCell.m in Sources */ = {isa = PBXBuildFile; fileRef = AF64F18E1AB22C8400C005C0 /* CAProfileCell.m */; };
		AF814CE71A48864C00342157 /* CAMenuViewController.m in Sources */ = {isa = PBXBuildFile; fileRef = AF814CE61A48864C00342157 /* CAMenuViewController.m */; };
		AF814CEA1A4893F500342157 /* CAMenuCell.m in Sources */ = {isa = PBXBuildFile; fileRef = AF814CE91A4893F500342157 /* CAMenuCell.m */; };
		AF814CED1A494D6500342157 /* CAAboutViewController.m in Sources */ = {isa = PBXBuildFile; fileRef = AF814CEC1A494D6500342157 /* CAAboutViewController.m */; };
		AF814CF01A495DD500342157 /* CAAboutSocialCell.m in Sources */ = {isa = PBXBuildFile; fileRef = AF814CEF1A495DD500342157 /* CAAboutSocialCell.m */; };
		AF814CF31A4972F500342157 /* CATextCell.m in Sources */ = {isa = PBXBuildFile; fileRef = AF814CF21A4972F500342157 /* CATextCell.m */; };
		AF814CF61A4C481200342157 /* CACheckoutViewController.m in Sources */ = {isa = PBXBuildFile; fileRef = AF814CF51A4C481200342157 /* CACheckoutViewController.m */; };
		AF814CF91A4C56EA00342157 /* CAOrdersHistoryViewController.m in Sources */ = {isa = PBXBuildFile; fileRef = AF814CF81A4C56EA00342157 /* CAOrdersHistoryViewController.m */; };
		AF814CFF1A4C573900342157 /* UIViewController+Style.m in Sources */ = {isa = PBXBuildFile; fileRef = AF814CFE1A4C573900342157 /* UIViewController+Style.m */; };
		AF814D021A4C57EA00342157 /* CABusinessLunchViewController.m in Sources */ = {isa = PBXBuildFile; fileRef = AF814D011A4C57EA00342157 /* CABusinessLunchViewController.m */; };
		AF814D051A4D4D0100342157 /* CABusinessLunchCell.m in Sources */ = {isa = PBXBuildFile; fileRef = AF814D041A4D4D0100342157 /* CABusinessLunchCell.m */; };
		AF814D081A4D4FB400342157 /* CAFoodListViewController.m in Sources */ = {isa = PBXBuildFile; fileRef = AF814D071A4D4FB400342157 /* CAFoodListViewController.m */; };
		AF814D0A1A4D50CF00342157 /* CAFoodCell.xib in Resources */ = {isa = PBXBuildFile; fileRef = AF814D091A4D50CF00342157 /* CAFoodCell.xib */; };
		AF814D0E1A4D54F800342157 /* CAFoodCellSingle.m in Sources */ = {isa = PBXBuildFile; fileRef = AF814D0C1A4D54F800342157 /* CAFoodCellSingle.m */; };
		AF814D0F1A4D54F800342157 /* CAFoodCellSingle.xib in Resources */ = {isa = PBXBuildFile; fileRef = AF814D0D1A4D54F800342157 /* CAFoodCellSingle.xib */; };
		AF814D121A4D715200342157 /* CAPhoneNumberConfirmationViewController.m in Sources */ = {isa = PBXBuildFile; fileRef = AF814D111A4D715200342157 /* CAPhoneNumberConfirmationViewController.m */; };
		AF8D76E91A38A7C20074017D /* Constants.m in Sources */ = {isa = PBXBuildFile; fileRef = AF8D76E81A38A7C20074017D /* Constants.m */; };
		AF8FC7881AA4F065009591B3 /* CAItemCell.m in Sources */ = {isa = PBXBuildFile; fileRef = AF8FC7871AA4F065009591B3 /* CAItemCell.m */; };
		AF8FC78B1AA5020D009591B3 /* UIImage+Color.m in Sources */ = {isa = PBXBuildFile; fileRef = AF8FC78A1AA5020D009591B3 /* UIImage+Color.m */; };
		AF9F16F41A38B37600DBF6E0 /* CAAppearance.m in Sources */ = {isa = PBXBuildFile; fileRef = AF9F16F31A38B37600DBF6E0 /* CAAppearance.m */; };
		AF9F16F81A38B5CC00DBF6E0 /* UIViewController+CAFakeNavBar.m in Sources */ = {isa = PBXBuildFile; fileRef = AF9F16F71A38B5CC00DBF6E0 /* UIViewController+CAFakeNavBar.m */; };
		AFBF23D31AAB702A00182325 /* CAPointsViewController.m in Sources */ = {isa = PBXBuildFile; fileRef = AFBF23D21AAB702A00182325 /* CAPointsViewController.m */; };
		AFBF23D61AAB747900182325 /* CAHistoryViewController.m in Sources */ = {isa = PBXBuildFile; fileRef = AFBF23D51AAB747900182325 /* CAHistoryViewController.m */; };
		AFBF23D91AAB75FB00182325 /* CAHistoryCell.m in Sources */ = {isa = PBXBuildFile; fileRef = AFBF23D81AAB75FB00182325 /* CAHistoryCell.m */; };
		AFCDC4101A3995EC00EE755A /* CAInsetSearchTextField.m in Sources */ = {isa = PBXBuildFile; fileRef = AFCDC40F1A3995EC00EE755A /* CAInsetSearchTextField.m */; };
		AFCDC4141A39AC3900EE755A /* CAFoodKindCollectionViewCell.m in Sources */ = {isa = PBXBuildFile; fileRef = AFCDC4131A39AC3900EE755A /* CAFoodKindCollectionViewCell.m */; };
		AFCDC4171A39C28F00EE755A /* CACafeCell.m in Sources */ = {isa = PBXBuildFile; fileRef = AFCDC4161A39C28F00EE755A /* CACafeCell.m */; };
		AFCDC41A1A39CACB00EE755A /* CAInsetCafeRatingTextField.m in Sources */ = {isa = PBXBuildFile; fileRef = AFCDC4191A39CACB00EE755A /* CAInsetCafeRatingTextField.m */; };
		AFCDC4201A39CD1200EE755A /* CAInsetCafeFeatureTextField.m in Sources */ = {isa = PBXBuildFile; fileRef = AFCDC41F1A39CD1200EE755A /* CAInsetCafeFeatureTextField.m */; };
		AFCE20EC1AA5D7B50094B0AA /* CAQuantityTextField.m in Sources */ = {isa = PBXBuildFile; fileRef = AFCE20EB1AA5D7B50094B0AA /* CAQuantityTextField.m */; };
		AFCE20EF1AA5DCA40094B0AA /* CACheckoutNextViewController.m in Sources */ = {isa = PBXBuildFile; fileRef = AFCE20EE1AA5DCA40094B0AA /* CACheckoutNextViewController.m */; };
		AFCE20F21AA5E3E00094B0AA /* CAPickerCell.m in Sources */ = {isa = PBXBuildFile; fileRef = AFCE20F11AA5E3E00094B0AA /* CAPickerCell.m */; };
		AFD892751A51FA5F0048DE27 /* CAPlace.m in Sources */ = {isa = PBXBuildFile; fileRef = AFD892741A51FA5F0048DE27 /* CAPlace.m */; };
		AFD892791A51FC550048DE27 /* CACore.m in Sources */ = {isa = PBXBuildFile; fileRef = AFD892781A51FC550048DE27 /* CACore.m */; };
		AFD8927C1A51FC9E0048DE27 /* CAPlacesManager.m in Sources */ = {isa = PBXBuildFile; fileRef = AFD8927B1A51FC9E0048DE27 /* CAPlacesManager.m */; };
		AFD8DCC71A2E0C770005DFB0 /* main.m in Sources */ = {isa = PBXBuildFile; fileRef = AFD8DCC61A2E0C770005DFB0 /* main.m */; };
		AFD8DCCA1A2E0C770005DFB0 /* AppDelegate.m in Sources */ = {isa = PBXBuildFile; fileRef = AFD8DCC91A2E0C770005DFB0 /* AppDelegate.m */; };
		AFD8DCCD1A2E0C770005DFB0 /* ViewController.m in Sources */ = {isa = PBXBuildFile; fileRef = AFD8DCCC1A2E0C770005DFB0 /* ViewController.m */; };
		AFD8DCD01A2E0C770005DFB0 /* Main.storyboard in Resources */ = {isa = PBXBuildFile; fileRef = AFD8DCCE1A2E0C770005DFB0 /* Main.storyboard */; };
		AFD8DCD21A2E0C770005DFB0 /* Images.xcassets in Resources */ = {isa = PBXBuildFile; fileRef = AFD8DCD11A2E0C770005DFB0 /* Images.xcassets */; };
		AFD8DCD51A2E0C770005DFB0 /* LaunchScreen.xib in Resources */ = {isa = PBXBuildFile; fileRef = AFD8DCD31A2E0C770005DFB0 /* LaunchScreen.xib */; };
		AFDA61771AB32C0800F7E5EF /* CAOrderStatusCell.m in Sources */ = {isa = PBXBuildFile; fileRef = AFDA61761AB32C0800F7E5EF /* CAOrderStatusCell.m */; };
/* End PBXBuildFile section */

/* Begin PBXFileReference section */
		2504B6489B0A92485BAE5F0E /* Pods-Careba.debug.xcconfig */ = {isa = PBXFileReference; includeInIndex = 1; lastKnownFileType = text.xcconfig; name = "Pods-Careba.debug.xcconfig"; path = "Pods/Target Support Files/Pods-Careba/Pods-Careba.debug.xcconfig"; sourceTree = "<group>"; };
		330778A4F7762BEF4E343B1C /* Pods-Careba.release.xcconfig */ = {isa = PBXFileReference; includeInIndex = 1; lastKnownFileType = text.xcconfig; name = "Pods-Careba.release.xcconfig"; path = "Pods/Target Support Files/Pods-Careba/Pods-Careba.release.xcconfig"; sourceTree = "<group>"; };
		A612720B76682F36EA70F82A /* libPods-Careba.a */ = {isa = PBXFileReference; explicitFileType = archive.ar; includeInIndex = 0; path = "libPods-Careba.a"; sourceTree = BUILT_PRODUCTS_DIR; };
		AF0423101A41A7DB00204FB4 /* CACafeAboutViewController.h */ = {isa = PBXFileReference; fileEncoding = 4; lastKnownFileType = sourcecode.c.h; path = CACafeAboutViewController.h; sourceTree = "<group>"; };
		AF0423111A41A7DB00204FB4 /* CACafeAboutViewController.m */ = {isa = PBXFileReference; fileEncoding = 4; lastKnownFileType = sourcecode.c.objc; path = CACafeAboutViewController.m; sourceTree = "<group>"; };
		AF0423131A41BDC500204FB4 /* CAInsetFoodKindTextField.h */ = {isa = PBXFileReference; fileEncoding = 4; lastKnownFileType = sourcecode.c.h; path = CAInsetFoodKindTextField.h; sourceTree = "<group>"; };
		AF0423141A41BDC500204FB4 /* CAInsetFoodKindTextField.m */ = {isa = PBXFileReference; fileEncoding = 4; lastKnownFileType = sourcecode.c.objc; path = CAInsetFoodKindTextField.m; sourceTree = "<group>"; };
		AF0423161A41BE2700204FB4 /* CAPlaceKindCollectionViewCell.h */ = {isa = PBXFileReference; fileEncoding = 4; lastKnownFileType = sourcecode.c.h; path = CAPlaceKindCollectionViewCell.h; sourceTree = "<group>"; };
		AF0423171A41BE2700204FB4 /* CAPlaceKindCollectionViewCell.m */ = {isa = PBXFileReference; fileEncoding = 4; lastKnownFileType = sourcecode.c.objc; path = CAPlaceKindCollectionViewCell.m; sourceTree = "<group>"; };
		AF0AC2471AAE352E00D09A72 /* CACheckoutNextCell.h */ = {isa = PBXFileReference; fileEncoding = 4; lastKnownFileType = sourcecode.c.h; path = CACheckoutNextCell.h; sourceTree = "<group>"; };
		AF0AC2481AAE352E00D09A72 /* CACheckoutNextCell.m */ = {isa = PBXFileReference; fileEncoding = 4; lastKnownFileType = sourcecode.c.objc; path = CACheckoutNextCell.m; sourceTree = "<group>"; };
		AF2B4DFC1A41DEA900645259 /* CAFoodCell.h */ = {isa = PBXFileReference; fileEncoding = 4; lastKnownFileType = sourcecode.c.h; path = CAFoodCell.h; sourceTree = "<group>"; };
		AF2B4DFD1A41DEA900645259 /* CAFoodCell.m */ = {isa = PBXFileReference; fileEncoding = 4; lastKnownFileType = sourcecode.c.objc; path = CAFoodCell.m; sourceTree = "<group>"; };
		AF2D61491A4F0FCC009F0135 /* CACodeViewController.h */ = {isa = PBXFileReference; fileEncoding = 4; lastKnownFileType = sourcecode.c.h; path = CACodeViewController.h; sourceTree = "<group>"; };
		AF2D614A1A4F0FCC009F0135 /* CACodeViewController.m */ = {isa = PBXFileReference; fileEncoding = 4; lastKnownFileType = sourcecode.c.objc; path = CACodeViewController.m; sourceTree = "<group>"; };
		AF2D614C1A4F11DE009F0135 /* CAWhatsYourNameViewController.h */ = {isa = PBXFileReference; fileEncoding = 4; lastKnownFileType = sourcecode.c.h; path = CAWhatsYourNameViewController.h; sourceTree = "<group>"; };
		AF2D614D1A4F11DE009F0135 /* CAWhatsYourNameViewController.m */ = {isa = PBXFileReference; fileEncoding = 4; lastKnownFileType = sourcecode.c.objc; path = CAWhatsYourNameViewController.m; sourceTree = "<group>"; };
		AF2D61501A4F131A009F0135 /* DZGImgGlyphLabel.h */ = {isa = PBXFileReference; fileEncoding = 4; lastKnownFileType = sourcecode.c.h; path = DZGImgGlyphLabel.h; sourceTree = "<group>"; };
		AF2D61511A4F131A009F0135 /* DZGImgGlyphLabel.m */ = {isa = PBXFileReference; fileEncoding = 4; lastKnownFileType = sourcecode.c.objc; path = DZGImgGlyphLabel.m; sourceTree = "<group>"; };
		AF2D61521A4F131A009F0135 /* DZGImgGlyphTextView.h */ = {isa = PBXFileReference; fileEncoding = 4; lastKnownFileType = sourcecode.c.h; path = DZGImgGlyphTextView.h; sourceTree = "<group>"; };
		AF2D61531A4F131A009F0135 /* DZGImgGlyphTextView.m */ = {isa = PBXFileReference; fileEncoding = 4; lastKnownFileType = sourcecode.c.objc; path = DZGImgGlyphTextView.m; sourceTree = "<group>"; };
		AF2D61551A4F131A009F0135 /* DZGDictionaryStringParser.h */ = {isa = PBXFileReference; fileEncoding = 4; lastKnownFileType = sourcecode.c.h; path = DZGDictionaryStringParser.h; sourceTree = "<group>"; };
		AF2D61561A4F131A009F0135 /* DZGDictionaryStringParser.m */ = {isa = PBXFileReference; fileEncoding = 4; lastKnownFileType = sourcecode.c.objc; path = DZGDictionaryStringParser.m; sourceTree = "<group>"; };
		AF2D615A1A4F3706009F0135 /* CACardViewController.h */ = {isa = PBXFileReference; fileEncoding = 4; lastKnownFileType = sourcecode.c.h; path = CACardViewController.h; sourceTree = "<group>"; };
		AF2D615B1A4F3706009F0135 /* CACardViewController.m */ = {isa = PBXFileReference; fileEncoding = 4; lastKnownFileType = sourcecode.c.objc; path = CACardViewController.m; sourceTree = "<group>"; };
		AF4C84AD1A90B9D300AFE32F /* CAMenu.h */ = {isa = PBXFileReference; fileEncoding = 4; lastKnownFileType = sourcecode.c.h; path = CAMenu.h; sourceTree = "<group>"; };
		AF4C84AE1A90B9D300AFE32F /* CAMenu.m */ = {isa = PBXFileReference; fileEncoding = 4; lastKnownFileType = sourcecode.c.objc; path = CAMenu.m; sourceTree = "<group>"; };
		AF4C84B01A90BA3B00AFE32F /* CASection.h */ = {isa = PBXFileReference; fileEncoding = 4; lastKnownFileType = sourcecode.c.h; path = CASection.h; sourceTree = "<group>"; };
		AF4C84B11A90BA3B00AFE32F /* CASection.m */ = {isa = PBXFileReference; fileEncoding = 4; lastKnownFileType = sourcecode.c.objc; path = CASection.m; sourceTree = "<group>"; };
		AF4C84B31A90BAC500AFE32F /* CAItem.h */ = {isa = PBXFileReference; fileEncoding = 4; lastKnownFileType = sourcecode.c.h; path = CAItem.h; sourceTree = "<group>"; };
		AF4C84B41A90BAC500AFE32F /* CAItem.m */ = {isa = PBXFileReference; fileEncoding = 4; lastKnownFileType = sourcecode.c.objc; path = CAItem.m; sourceTree = "<group>"; };
		AF4C84B61A90BCC300AFE32F /* CAMenuManager.h */ = {isa = PBXFileReference; fileEncoding = 4; lastKnownFileType = sourcecode.c.h; path = CAMenuManager.h; sourceTree = "<group>"; };
		AF4C84B71A90BCC300AFE32F /* CAMenuManager.m */ = {isa = PBXFileReference; fileEncoding = 4; lastKnownFileType = sourcecode.c.objc; path = CAMenuManager.m; sourceTree = "<group>"; };
		AF4C84B91A90C21A00AFE32F /* CAFoodSectionCell.h */ = {isa = PBXFileReference; fileEncoding = 4; lastKnownFileType = sourcecode.c.h; path = CAFoodSectionCell.h; sourceTree = "<group>"; };
		AF4C84BA1A90C21A00AFE32F /* CAFoodSectionCell.m */ = {isa = PBXFileReference; fileEncoding = 4; lastKnownFileType = sourcecode.c.objc; path = CAFoodSectionCell.m; sourceTree = "<group>"; };
		AF4C84BC1A90C69A00AFE32F /* CASet.h */ = {isa = PBXFileReference; fileEncoding = 4; lastKnownFileType = sourcecode.c.h; path = CASet.h; sourceTree = "<group>"; };
		AF4C84BD1A90C69A00AFE32F /* CASet.m */ = {isa = PBXFileReference; fileEncoding = 4; lastKnownFileType = sourcecode.c.objc; path = CASet.m; sourceTree = "<group>"; };
		AF4C84BF1A90C7C200AFE32F /* CAFoodSetCell.h */ = {isa = PBXFileReference; fileEncoding = 4; lastKnownFileType = sourcecode.c.h; path = CAFoodSetCell.h; sourceTree = "<group>"; };
		AF4C84C01A90C7C200AFE32F /* CAFoodSetCell.m */ = {isa = PBXFileReference; fileEncoding = 4; lastKnownFileType = sourcecode.c.objc; path = CAFoodSetCell.m; sourceTree = "<group>"; };
		AF4C8EAA1A38AA6F00E8390A /* CACafeListViewController.h */ = {isa = PBXFileReference; fileEncoding = 4; lastKnownFileType = sourcecode.c.h; path = CACafeListViewController.h; sourceTree = "<group>"; };
		AF4C8EAB1A38AA6F00E8390A /* CACafeListViewController.m */ = {isa = PBXFileReference; fileEncoding = 4; lastKnownFileType = sourcecode.c.objc; path = CACafeListViewController.m; sourceTree = "<group>"; };
		AF4C8EAD1A38AB6200E8390A /* Careba-Prefix.pch */ = {isa = PBXFileReference; lastKnownFileType = sourcecode.c.h; path = "Careba-Prefix.pch"; sourceTree = "<group>"; };
		AF50EF8A1A42DCF700B9793A /* UIView+Utils.h */ = {isa = PBXFileReference; fileEncoding = 4; lastKnownFileType = sourcecode.c.h; path = "UIView+Utils.h"; sourceTree = "<group>"; };
		AF50EF8B1A42DCF700B9793A /* UIView+Utils.m */ = {isa = PBXFileReference; fileEncoding = 4; lastKnownFileType = sourcecode.c.objc; path = "UIView+Utils.m"; sourceTree = "<group>"; };
		AF5845711AA2112800BBD2F1 /* CAShopCard.h */ = {isa = PBXFileReference; fileEncoding = 4; lastKnownFileType = sourcecode.c.h; path = CAShopCard.h; sourceTree = "<group>"; };
		AF5845721AA2112800BBD2F1 /* CAShopCard.m */ = {isa = PBXFileReference; fileEncoding = 4; lastKnownFileType = sourcecode.c.objc; path = CAShopCard.m; sourceTree = "<group>"; };
		AF5FEBED1AB3186100974A3D /* CAOrderStatusViewController.h */ = {isa = PBXFileReference; fileEncoding = 4; lastKnownFileType = sourcecode.c.h; path = CAOrderStatusViewController.h; sourceTree = "<group>"; };
		AF5FEBEE1AB3186100974A3D /* CAOrderStatusViewController.m */ = {isa = PBXFileReference; fileEncoding = 4; lastKnownFileType = sourcecode.c.objc; path = CAOrderStatusViewController.m; sourceTree = "<group>"; };
		AF64F1871AB0C2D200C005C0 /* CADatePickerCell.h */ = {isa = PBXFileReference; fileEncoding = 4; lastKnownFileType = sourcecode.c.h; path = CADatePickerCell.h; sourceTree = "<group>"; };
		AF64F1881AB0C2D200C005C0 /* CADatePickerCell.m */ = {isa = PBXFileReference; fileEncoding = 4; lastKnownFileType = sourcecode.c.objc; path = CADatePickerCell.m; sourceTree = "<group>"; };
		AF64F18A1AB2297900C005C0 /* CAProfileViewController.h */ = {isa = PBXFileReference; fileEncoding = 4; lastKnownFileType = sourcecode.c.h; path = CAProfileViewController.h; sourceTree = "<group>"; };
		AF64F18B1AB2297900C005C0 /* CAProfileViewController.m */ = {isa = PBXFileReference; fileEncoding = 4; lastKnownFileType = sourcecode.c.objc; path = CAProfileViewController.m; sourceTree = "<group>"; };
		AF64F18D1AB22C8400C005C0 /* CAProfileCell.h */ = {isa = PBXFileReference; fileEncoding = 4; lastKnownFileType = sourcecode.c.h; path = CAProfileCell.h; sourceTree = "<group>"; };
		AF64F18E1AB22C8400C005C0 /* CAProfileCell.m */ = {isa = PBXFileReference; fileEncoding = 4; lastKnownFileType = sourcecode.c.objc; path = CAProfileCell.m; sourceTree = "<group>"; };
		AF814CE51A48864C00342157 /* CAMenuViewController.h */ = {isa = PBXFileReference; fileEncoding = 4; lastKnownFileType = sourcecode.c.h; path = CAMenuViewController.h; sourceTree = "<group>"; };
		AF814CE61A48864C00342157 /* CAMenuViewController.m */ = {isa = PBXFileReference; fileEncoding = 4; lastKnownFileType = sourcecode.c.objc; path = CAMenuViewController.m; sourceTree = "<group>"; };
		AF814CE81A4893F500342157 /* CAMenuCell.h */ = {isa = PBXFileReference; fileEncoding = 4; lastKnownFileType = sourcecode.c.h; path = CAMenuCell.h; sourceTree = "<group>"; };
		AF814CE91A4893F500342157 /* CAMenuCell.m */ = {isa = PBXFileReference; fileEncoding = 4; lastKnownFileType = sourcecode.c.objc; path = CAMenuCell.m; sourceTree = "<group>"; };
		AF814CEB1A494D6500342157 /* CAAboutViewController.h */ = {isa = PBXFileReference; fileEncoding = 4; lastKnownFileType = sourcecode.c.h; path = CAAboutViewController.h; sourceTree = "<group>"; };
		AF814CEC1A494D6500342157 /* CAAboutViewController.m */ = {isa = PBXFileReference; fileEncoding = 4; lastKnownFileType = sourcecode.c.objc; path = CAAboutViewController.m; sourceTree = "<group>"; };
		AF814CEE1A495DD500342157 /* CAAboutSocialCell.h */ = {isa = PBXFileReference; fileEncoding = 4; lastKnownFileType = sourcecode.c.h; path = CAAboutSocialCell.h; sourceTree = "<group>"; };
		AF814CEF1A495DD500342157 /* CAAboutSocialCell.m */ = {isa = PBXFileReference; fileEncoding = 4; lastKnownFileType = sourcecode.c.objc; path = CAAboutSocialCell.m; sourceTree = "<group>"; };
		AF814CF11A4972F500342157 /* CATextCell.h */ = {isa = PBXFileReference; fileEncoding = 4; lastKnownFileType = sourcecode.c.h; path = CATextCell.h; sourceTree = "<group>"; };
		AF814CF21A4972F500342157 /* CATextCell.m */ = {isa = PBXFileReference; fileEncoding = 4; lastKnownFileType = sourcecode.c.objc; path = CATextCell.m; sourceTree = "<group>"; };
		AF814CF41A4C481200342157 /* CACheckoutViewController.h */ = {isa = PBXFileReference; fileEncoding = 4; lastKnownFileType = sourcecode.c.h; path = CACheckoutViewController.h; sourceTree = "<group>"; };
		AF814CF51A4C481200342157 /* CACheckoutViewController.m */ = {isa = PBXFileReference; fileEncoding = 4; lastKnownFileType = sourcecode.c.objc; path = CACheckoutViewController.m; sourceTree = "<group>"; };
		AF814CF71A4C56EA00342157 /* CAOrdersHistoryViewController.h */ = {isa = PBXFileReference; fileEncoding = 4; lastKnownFileType = sourcecode.c.h; path = CAOrdersHistoryViewController.h; sourceTree = "<group>"; };
		AF814CF81A4C56EA00342157 /* CAOrdersHistoryViewController.m */ = {isa = PBXFileReference; fileEncoding = 4; lastKnownFileType = sourcecode.c.objc; path = CAOrdersHistoryViewController.m; sourceTree = "<group>"; };
		AF814CFD1A4C573900342157 /* UIViewController+Style.h */ = {isa = PBXFileReference; fileEncoding = 4; lastKnownFileType = sourcecode.c.h; path = "UIViewController+Style.h"; sourceTree = "<group>"; };
		AF814CFE1A4C573900342157 /* UIViewController+Style.m */ = {isa = PBXFileReference; fileEncoding = 4; lastKnownFileType = sourcecode.c.objc; path = "UIViewController+Style.m"; sourceTree = "<group>"; };
		AF814D001A4C57EA00342157 /* CABusinessLunchViewController.h */ = {isa = PBXFileReference; fileEncoding = 4; lastKnownFileType = sourcecode.c.h; path = CABusinessLunchViewController.h; sourceTree = "<group>"; };
		AF814D011A4C57EA00342157 /* CABusinessLunchViewController.m */ = {isa = PBXFileReference; fileEncoding = 4; lastKnownFileType = sourcecode.c.objc; path = CABusinessLunchViewController.m; sourceTree = "<group>"; };
		AF814D031A4D4D0100342157 /* CABusinessLunchCell.h */ = {isa = PBXFileReference; fileEncoding = 4; lastKnownFileType = sourcecode.c.h; path = CABusinessLunchCell.h; sourceTree = "<group>"; };
		AF814D041A4D4D0100342157 /* CABusinessLunchCell.m */ = {isa = PBXFileReference; fileEncoding = 4; lastKnownFileType = sourcecode.c.objc; path = CABusinessLunchCell.m; sourceTree = "<group>"; };
		AF814D061A4D4FB400342157 /* CAFoodListViewController.h */ = {isa = PBXFileReference; fileEncoding = 4; lastKnownFileType = sourcecode.c.h; path = CAFoodListViewController.h; sourceTree = "<group>"; };
		AF814D071A4D4FB400342157 /* CAFoodListViewController.m */ = {isa = PBXFileReference; fileEncoding = 4; lastKnownFileType = sourcecode.c.objc; path = CAFoodListViewController.m; sourceTree = "<group>"; };
		AF814D091A4D50CF00342157 /* CAFoodCell.xib */ = {isa = PBXFileReference; fileEncoding = 4; lastKnownFileType = file.xib; path = CAFoodCell.xib; sourceTree = "<group>"; };
		AF814D0B1A4D54F800342157 /* CAFoodCellSingle.h */ = {isa = PBXFileReference; fileEncoding = 4; lastKnownFileType = sourcecode.c.h; path = CAFoodCellSingle.h; sourceTree = "<group>"; };
		AF814D0C1A4D54F800342157 /* CAFoodCellSingle.m */ = {isa = PBXFileReference; fileEncoding = 4; lastKnownFileType = sourcecode.c.objc; path = CAFoodCellSingle.m; sourceTree = "<group>"; };
		AF814D0D1A4D54F800342157 /* CAFoodCellSingle.xib */ = {isa = PBXFileReference; fileEncoding = 4; lastKnownFileType = file.xib; path = CAFoodCellSingle.xib; sourceTree = "<group>"; };
		AF814D101A4D715200342157 /* CAPhoneNumberConfirmationViewController.h */ = {isa = PBXFileReference; fileEncoding = 4; lastKnownFileType = sourcecode.c.h; path = CAPhoneNumberConfirmationViewController.h; sourceTree = "<group>"; };
		AF814D111A4D715200342157 /* CAPhoneNumberConfirmationViewController.m */ = {isa = PBXFileReference; fileEncoding = 4; lastKnownFileType = sourcecode.c.objc; path = CAPhoneNumberConfirmationViewController.m; sourceTree = "<group>"; };
		AF84C6471A38ACFD00C9288B /* AudioToolbox.framework */ = {isa = PBXFileReference; lastKnownFileType = wrapper.framework; name = AudioToolbox.framework; path = System/Library/Frameworks/AudioToolbox.framework; sourceTree = SDKROOT; };
		AF84C6491A38AD0200C9288B /* OpenAL.framework */ = {isa = PBXFileReference; lastKnownFileType = wrapper.framework; name = OpenAL.framework; path = System/Library/Frameworks/OpenAL.framework; sourceTree = SDKROOT; };
		AF84C64B1A38AD0600C9288B /* AVFoundation.framework */ = {isa = PBXFileReference; lastKnownFileType = wrapper.framework; name = AVFoundation.framework; path = System/Library/Frameworks/AVFoundation.framework; sourceTree = SDKROOT; };
		AF84C64D1A38AD2700C9288B /* CoreData.framework */ = {isa = PBXFileReference; lastKnownFileType = wrapper.framework; name = CoreData.framework; path = System/Library/Frameworks/CoreData.framework; sourceTree = SDKROOT; };
		AF84C64E1A38AD2700C9288B /* CoreLocation.framework */ = {isa = PBXFileReference; lastKnownFileType = wrapper.framework; name = CoreLocation.framework; path = System/Library/Frameworks/CoreLocation.framework; sourceTree = SDKROOT; };
		AF84C64F1A38AD2700C9288B /* CoreTelephony.framework */ = {isa = PBXFileReference; lastKnownFileType = wrapper.framework; name = CoreTelephony.framework; path = System/Library/Frameworks/CoreTelephony.framework; sourceTree = SDKROOT; };
		AF84C6501A38AD2700C9288B /* QuartzCore.framework */ = {isa = PBXFileReference; lastKnownFileType = wrapper.framework; name = QuartzCore.framework; path = System/Library/Frameworks/QuartzCore.framework; sourceTree = SDKROOT; };
		AF84C6551A38AD3200C9288B /* libsqlite3.dylib */ = {isa = PBXFileReference; lastKnownFileType = "compiled.mach-o.dylib"; name = libsqlite3.dylib; path = usr/lib/libsqlite3.dylib; sourceTree = SDKROOT; };
		AF84C6571A38AD3900C9288B /* libstdc++.dylib */ = {isa = PBXFileReference; lastKnownFileType = "compiled.mach-o.dylib"; name = "libstdc++.dylib"; path = "usr/lib/libstdc++.dylib"; sourceTree = SDKROOT; };
		AF84C6591A38AD4200C9288B /* libxml2.dylib */ = {isa = PBXFileReference; lastKnownFileType = "compiled.mach-o.dylib"; name = libxml2.dylib; path = usr/lib/libxml2.dylib; sourceTree = SDKROOT; };
		AF84C65B1A38AD4D00C9288B /* libz.dylib */ = {isa = PBXFileReference; lastKnownFileType = "compiled.mach-o.dylib"; name = libz.dylib; path = usr/lib/libz.dylib; sourceTree = SDKROOT; };
		AF84C65D1A38AD5300C9288B /* MessageUI.framework */ = {isa = PBXFileReference; lastKnownFileType = wrapper.framework; name = MessageUI.framework; path = System/Library/Frameworks/MessageUI.framework; sourceTree = SDKROOT; };
		AF84C65F1A38AD6100C9288B /* OpenGLES.framework */ = {isa = PBXFileReference; lastKnownFileType = wrapper.framework; name = OpenGLES.framework; path = System/Library/Frameworks/OpenGLES.framework; sourceTree = SDKROOT; };
		AF84C6611A38AD6700C9288B /* Security.framework */ = {isa = PBXFileReference; lastKnownFileType = wrapper.framework; name = Security.framework; path = System/Library/Frameworks/Security.framework; sourceTree = SDKROOT; };
		AF84C6631A38AD6C00C9288B /* SystemConfiguration.framework */ = {isa = PBXFileReference; lastKnownFileType = wrapper.framework; name = SystemConfiguration.framework; path = System/Library/Frameworks/SystemConfiguration.framework; sourceTree = SDKROOT; };
		AF8D76E71A38A7C20074017D /* Constants.h */ = {isa = PBXFileReference; fileEncoding = 4; lastKnownFileType = sourcecode.c.h; path = Constants.h; sourceTree = "<group>"; };
		AF8D76E81A38A7C20074017D /* Constants.m */ = {isa = PBXFileReference; fileEncoding = 4; lastKnownFileType = sourcecode.c.objc; path = Constants.m; sourceTree = "<group>"; };
		AF8FC7861AA4F065009591B3 /* CAItemCell.h */ = {isa = PBXFileReference; fileEncoding = 4; lastKnownFileType = sourcecode.c.h; path = CAItemCell.h; sourceTree = "<group>"; };
		AF8FC7871AA4F065009591B3 /* CAItemCell.m */ = {isa = PBXFileReference; fileEncoding = 4; lastKnownFileType = sourcecode.c.objc; path = CAItemCell.m; sourceTree = "<group>"; };
		AF8FC7891AA5020D009591B3 /* UIImage+Color.h */ = {isa = PBXFileReference; fileEncoding = 4; lastKnownFileType = sourcecode.c.h; path = "UIImage+Color.h"; sourceTree = "<group>"; };
		AF8FC78A1AA5020D009591B3 /* UIImage+Color.m */ = {isa = PBXFileReference; fileEncoding = 4; lastKnownFileType = sourcecode.c.objc; path = "UIImage+Color.m"; sourceTree = "<group>"; };
		AF9F16F21A38B37600DBF6E0 /* CAAppearance.h */ = {isa = PBXFileReference; fileEncoding = 4; lastKnownFileType = sourcecode.c.h; path = CAAppearance.h; sourceTree = "<group>"; };
		AF9F16F31A38B37600DBF6E0 /* CAAppearance.m */ = {isa = PBXFileReference; fileEncoding = 4; lastKnownFileType = sourcecode.c.objc; path = CAAppearance.m; sourceTree = "<group>"; };
		AF9F16F61A38B5CC00DBF6E0 /* UIViewController+CAFakeNavBar.h */ = {isa = PBXFileReference; fileEncoding = 4; lastKnownFileType = sourcecode.c.h; path = "UIViewController+CAFakeNavBar.h"; sourceTree = "<group>"; };
		AF9F16F71A38B5CC00DBF6E0 /* UIViewController+CAFakeNavBar.m */ = {isa = PBXFileReference; fileEncoding = 4; lastKnownFileType = sourcecode.c.objc; path = "UIViewController+CAFakeNavBar.m"; sourceTree = "<group>"; };
		AFBF23D11AAB702A00182325 /* CAPointsViewController.h */ = {isa = PBXFileReference; fileEncoding = 4; lastKnownFileType = sourcecode.c.h; path = CAPointsViewController.h; sourceTree = "<group>"; };
		AFBF23D21AAB702A00182325 /* CAPointsViewController.m */ = {isa = PBXFileReference; fileEncoding = 4; lastKnownFileType = sourcecode.c.objc; path = CAPointsViewController.m; sourceTree = "<group>"; };
		AFBF23D41AAB747900182325 /* CAHistoryViewController.h */ = {isa = PBXFileReference; fileEncoding = 4; lastKnownFileType = sourcecode.c.h; path = CAHistoryViewController.h; sourceTree = "<group>"; };
		AFBF23D51AAB747900182325 /* CAHistoryViewController.m */ = {isa = PBXFileReference; fileEncoding = 4; lastKnownFileType = sourcecode.c.objc; path = CAHistoryViewController.m; sourceTree = "<group>"; };
		AFBF23D71AAB75FB00182325 /* CAHistoryCell.h */ = {isa = PBXFileReference; fileEncoding = 4; lastKnownFileType = sourcecode.c.h; path = CAHistoryCell.h; sourceTree = "<group>"; };
		AFBF23D81AAB75FB00182325 /* CAHistoryCell.m */ = {isa = PBXFileReference; fileEncoding = 4; lastKnownFileType = sourcecode.c.objc; path = CAHistoryCell.m; sourceTree = "<group>"; };
		AFCDC40E1A3995EC00EE755A /* CAInsetSearchTextField.h */ = {isa = PBXFileReference; fileEncoding = 4; lastKnownFileType = sourcecode.c.h; path = CAInsetSearchTextField.h; sourceTree = "<group>"; };
		AFCDC40F1A3995EC00EE755A /* CAInsetSearchTextField.m */ = {isa = PBXFileReference; fileEncoding = 4; lastKnownFileType = sourcecode.c.objc; path = CAInsetSearchTextField.m; sourceTree = "<group>"; };
		AFCDC4121A39AC3900EE755A /* CAFoodKindCollectionViewCell.h */ = {isa = PBXFileReference; fileEncoding = 4; lastKnownFileType = sourcecode.c.h; path = CAFoodKindCollectionViewCell.h; sourceTree = "<group>"; };
		AFCDC4131A39AC3900EE755A /* CAFoodKindCollectionViewCell.m */ = {isa = PBXFileReference; fileEncoding = 4; lastKnownFileType = sourcecode.c.objc; path = CAFoodKindCollectionViewCell.m; sourceTree = "<group>"; };
		AFCDC4151A39C28F00EE755A /* CACafeCell.h */ = {isa = PBXFileReference; fileEncoding = 4; lastKnownFileType = sourcecode.c.h; path = CACafeCell.h; sourceTree = "<group>"; };
		AFCDC4161A39C28F00EE755A /* CACafeCell.m */ = {isa = PBXFileReference; fileEncoding = 4; lastKnownFileType = sourcecode.c.objc; path = CACafeCell.m; sourceTree = "<group>"; };
		AFCDC4181A39CACB00EE755A /* CAInsetCafeRatingTextField.h */ = {isa = PBXFileReference; fileEncoding = 4; lastKnownFileType = sourcecode.c.h; path = CAInsetCafeRatingTextField.h; sourceTree = "<group>"; };
		AFCDC4191A39CACB00EE755A /* CAInsetCafeRatingTextField.m */ = {isa = PBXFileReference; fileEncoding = 4; lastKnownFileType = sourcecode.c.objc; path = CAInsetCafeRatingTextField.m; sourceTree = "<group>"; };
		AFCDC41E1A39CD1200EE755A /* CAInsetCafeFeatureTextField.h */ = {isa = PBXFileReference; fileEncoding = 4; lastKnownFileType = sourcecode.c.h; path = CAInsetCafeFeatureTextField.h; sourceTree = "<group>"; };
		AFCDC41F1A39CD1200EE755A /* CAInsetCafeFeatureTextField.m */ = {isa = PBXFileReference; fileEncoding = 4; lastKnownFileType = sourcecode.c.objc; path = CAInsetCafeFeatureTextField.m; sourceTree = "<group>"; };
		AFCE20EA1AA5D7B50094B0AA /* CAQuantityTextField.h */ = {isa = PBXFileReference; fileEncoding = 4; lastKnownFileType = sourcecode.c.h; path = CAQuantityTextField.h; sourceTree = "<group>"; };
		AFCE20EB1AA5D7B50094B0AA /* CAQuantityTextField.m */ = {isa = PBXFileReference; fileEncoding = 4; lastKnownFileType = sourcecode.c.objc; path = CAQuantityTextField.m; sourceTree = "<group>"; };
		AFCE20ED1AA5DCA40094B0AA /* CACheckoutNextViewController.h */ = {isa = PBXFileReference; fileEncoding = 4; lastKnownFileType = sourcecode.c.h; path = CACheckoutNextViewController.h; sourceTree = "<group>"; };
		AFCE20EE1AA5DCA40094B0AA /* CACheckoutNextViewController.m */ = {isa = PBXFileReference; fileEncoding = 4; lastKnownFileType = sourcecode.c.objc; path = CACheckoutNextViewController.m; sourceTree = "<group>"; };
		AFCE20F01AA5E3E00094B0AA /* CAPickerCell.h */ = {isa = PBXFileReference; fileEncoding = 4; lastKnownFileType = sourcecode.c.h; path = CAPickerCell.h; sourceTree = "<group>"; };
		AFCE20F11AA5E3E00094B0AA /* CAPickerCell.m */ = {isa = PBXFileReference; fileEncoding = 4; lastKnownFileType = sourcecode.c.objc; path = CAPickerCell.m; sourceTree = "<group>"; };
		AFD892731A51FA5E0048DE27 /* CAPlace.h */ = {isa = PBXFileReference; fileEncoding = 4; lastKnownFileType = sourcecode.c.h; path = CAPlace.h; sourceTree = "<group>"; };
		AFD892741A51FA5F0048DE27 /* CAPlace.m */ = {isa = PBXFileReference; fileEncoding = 4; lastKnownFileType = sourcecode.c.objc; path = CAPlace.m; sourceTree = "<group>"; };
		AFD892771A51FC550048DE27 /* CACore.h */ = {isa = PBXFileReference; fileEncoding = 4; lastKnownFileType = sourcecode.c.h; path = CACore.h; sourceTree = "<group>"; };
		AFD892781A51FC550048DE27 /* CACore.m */ = {isa = PBXFileReference; fileEncoding = 4; lastKnownFileType = sourcecode.c.objc; path = CACore.m; sourceTree = "<group>"; };
		AFD8927A1A51FC9E0048DE27 /* CAPlacesManager.h */ = {isa = PBXFileReference; fileEncoding = 4; lastKnownFileType = sourcecode.c.h; path = CAPlacesManager.h; sourceTree = "<group>"; };
		AFD8927B1A51FC9E0048DE27 /* CAPlacesManager.m */ = {isa = PBXFileReference; fileEncoding = 4; lastKnownFileType = sourcecode.c.objc; path = CAPlacesManager.m; sourceTree = "<group>"; };
		AFD8DCC11A2E0C770005DFB0 /* Careba.app */ = {isa = PBXFileReference; explicitFileType = wrapper.application; includeInIndex = 0; path = Careba.app; sourceTree = BUILT_PRODUCTS_DIR; };
		AFD8DCC51A2E0C770005DFB0 /* Info.plist */ = {isa = PBXFileReference; lastKnownFileType = text.plist.xml; path = Info.plist; sourceTree = "<group>"; };
		AFD8DCC61A2E0C770005DFB0 /* main.m */ = {isa = PBXFileReference; lastKnownFileType = sourcecode.c.objc; path = main.m; sourceTree = "<group>"; };
		AFD8DCC81A2E0C770005DFB0 /* AppDelegate.h */ = {isa = PBXFileReference; lastKnownFileType = sourcecode.c.h; path = AppDelegate.h; sourceTree = "<group>"; };
		AFD8DCC91A2E0C770005DFB0 /* AppDelegate.m */ = {isa = PBXFileReference; lastKnownFileType = sourcecode.c.objc; path = AppDelegate.m; sourceTree = "<group>"; };
		AFD8DCCB1A2E0C770005DFB0 /* ViewController.h */ = {isa = PBXFileReference; lastKnownFileType = sourcecode.c.h; path = ViewController.h; sourceTree = "<group>"; };
		AFD8DCCC1A2E0C770005DFB0 /* ViewController.m */ = {isa = PBXFileReference; lastKnownFileType = sourcecode.c.objc; path = ViewController.m; sourceTree = "<group>"; };
		AFD8DCCF1A2E0C770005DFB0 /* Base */ = {isa = PBXFileReference; lastKnownFileType = file.storyboard; name = Base; path = Base.lproj/Main.storyboard; sourceTree = "<group>"; };
		AFD8DCD11A2E0C770005DFB0 /* Images.xcassets */ = {isa = PBXFileReference; lastKnownFileType = folder.assetcatalog; path = Images.xcassets; sourceTree = "<group>"; };
		AFD8DCD41A2E0C770005DFB0 /* Base */ = {isa = PBXFileReference; lastKnownFileType = file.xib; name = Base; path = Base.lproj/LaunchScreen.xib; sourceTree = "<group>"; };
		AFD8DCDF1A2E0C770005DFB0 /* Info.plist */ = {isa = PBXFileReference; lastKnownFileType = text.plist.xml; path = Info.plist; sourceTree = "<group>"; };
		AFD8DCE01A2E0C770005DFB0 /* CarebaTests.m */ = {isa = PBXFileReference; lastKnownFileType = sourcecode.c.objc; path = CarebaTests.m; sourceTree = "<group>"; };
		AFDA61751AB32C0800F7E5EF /* CAOrderStatusCell.h */ = {isa = PBXFileReference; fileEncoding = 4; lastKnownFileType = sourcecode.c.h; path = CAOrderStatusCell.h; sourceTree = "<group>"; };
		AFDA61761AB32C0800F7E5EF /* CAOrderStatusCell.m */ = {isa = PBXFileReference; fileEncoding = 4; lastKnownFileType = sourcecode.c.objc; path = CAOrderStatusCell.m; sourceTree = "<group>"; };
/* End PBXFileReference section */

/* Begin PBXFrameworksBuildPhase section */
		AFD8DCBE1A2E0C770005DFB0 /* Frameworks */ = {
			isa = PBXFrameworksBuildPhase;
			buildActionMask = 2147483647;
			files = (
				AF2D61481A4EFEA4009F0135 /* CoreTelephony.framework in Frameworks */,
				6CA727CF350AFD1D6E16BEF2 /* libPods-Careba.a in Frameworks */,
			);
			runOnlyForDeploymentPostprocessing = 0;
		};
/* End PBXFrameworksBuildPhase section */

/* Begin PBXGroup section */
		6A591623C145A9CDB1316070 /* Frameworks */ = {
			isa = PBXGroup;
			children = (
				AF84C6631A38AD6C00C9288B /* SystemConfiguration.framework */,
				AF84C6611A38AD6700C9288B /* Security.framework */,
				AF84C65F1A38AD6100C9288B /* OpenGLES.framework */,
				AF84C65D1A38AD5300C9288B /* MessageUI.framework */,
				AF84C65B1A38AD4D00C9288B /* libz.dylib */,
				AF84C6591A38AD4200C9288B /* libxml2.dylib */,
				AF84C6571A38AD3900C9288B /* libstdc++.dylib */,
				AF84C6551A38AD3200C9288B /* libsqlite3.dylib */,
				AF84C64D1A38AD2700C9288B /* CoreData.framework */,
				AF84C64E1A38AD2700C9288B /* CoreLocation.framework */,
				AF84C64F1A38AD2700C9288B /* CoreTelephony.framework */,
				AF84C6501A38AD2700C9288B /* QuartzCore.framework */,
				AF84C64B1A38AD0600C9288B /* AVFoundation.framework */,
				AF84C6491A38AD0200C9288B /* OpenAL.framework */,
				AF84C6471A38ACFD00C9288B /* AudioToolbox.framework */,
				A612720B76682F36EA70F82A /* libPods-Careba.a */,
			);
			name = Frameworks;
			sourceTree = "<group>";
		};
		AF2D614F1A4F1309009F0135 /* Vendor */ = {
			isa = PBXGroup;
			children = (
				AF2D61501A4F131A009F0135 /* DZGImgGlyphLabel.h */,
				AF2D61511A4F131A009F0135 /* DZGImgGlyphLabel.m */,
				AF2D61521A4F131A009F0135 /* DZGImgGlyphTextView.h */,
				AF2D61531A4F131A009F0135 /* DZGImgGlyphTextView.m */,
				AF2D61541A4F131A009F0135 /* Lib */,
			);
			path = Vendor;
			sourceTree = "<group>";
		};
		AF2D61541A4F131A009F0135 /* Lib */ = {
			isa = PBXGroup;
			children = (
				AF2D61551A4F131A009F0135 /* DZGDictionaryStringParser.h */,
				AF2D61561A4F131A009F0135 /* DZGDictionaryStringParser.m */,
			);
			path = Lib;
			sourceTree = "<group>";
		};
		AF8D76E61A38A7AE0074017D /* Other */ = {
			isa = PBXGroup;
			children = (
				AF8D76E71A38A7C20074017D /* Constants.h */,
				AF8D76E81A38A7C20074017D /* Constants.m */,
			);
			path = Other;
			sourceTree = "<group>";
		};
		AF8D76EA1A38A7DA0074017D /* View Controllers */ = {
			isa = PBXGroup;
			children = (
				AF4C8EAA1A38AA6F00E8390A /* CACafeListViewController.h */,
				AF4C8EAB1A38AA6F00E8390A /* CACafeListViewController.m */,
				AF0423101A41A7DB00204FB4 /* CACafeAboutViewController.h */,
				AF0423111A41A7DB00204FB4 /* CACafeAboutViewController.m */,
				AF814CE51A48864C00342157 /* CAMenuViewController.h */,
				AF814CE61A48864C00342157 /* CAMenuViewController.m */,
				AF814CEB1A494D6500342157 /* CAAboutViewController.h */,
				AF814CEC1A494D6500342157 /* CAAboutViewController.m */,
				AF814CF41A4C481200342157 /* CACheckoutViewController.h */,
				AF814CF51A4C481200342157 /* CACheckoutViewController.m */,
				AF814CF71A4C56EA00342157 /* CAOrdersHistoryViewController.h */,
				AF814CF81A4C56EA00342157 /* CAOrdersHistoryViewController.m */,
				AF814D001A4C57EA00342157 /* CABusinessLunchViewController.h */,
				AF814D011A4C57EA00342157 /* CABusinessLunchViewController.m */,
				AF814D061A4D4FB400342157 /* CAFoodListViewController.h */,
				AF814D071A4D4FB400342157 /* CAFoodListViewController.m */,
				AF814D101A4D715200342157 /* CAPhoneNumberConfirmationViewController.h */,
				AF814D111A4D715200342157 /* CAPhoneNumberConfirmationViewController.m */,
				AF2D61491A4F0FCC009F0135 /* CACodeViewController.h */,
				AF2D614A1A4F0FCC009F0135 /* CACodeViewController.m */,
				AF2D614C1A4F11DE009F0135 /* CAWhatsYourNameViewController.h */,
				AF2D614D1A4F11DE009F0135 /* CAWhatsYourNameViewController.m */,
				AF2D615A1A4F3706009F0135 /* CACardViewController.h */,
				AF2D615B1A4F3706009F0135 /* CACardViewController.m */,
				AFCE20ED1AA5DCA40094B0AA /* CACheckoutNextViewController.h */,
				AFCE20EE1AA5DCA40094B0AA /* CACheckoutNextViewController.m */,
				AFBF23D11AAB702A00182325 /* CAPointsViewController.h */,
				AFBF23D21AAB702A00182325 /* CAPointsViewController.m */,
				AFBF23D41AAB747900182325 /* CAHistoryViewController.h */,
				AFBF23D51AAB747900182325 /* CAHistoryViewController.m */,
				AF64F18A1AB2297900C005C0 /* CAProfileViewController.h */,
				AF64F18B1AB2297900C005C0 /* CAProfileViewController.m */,
				AF5FEBED1AB3186100974A3D /* CAOrderStatusViewController.h */,
				AF5FEBEE1AB3186100974A3D /* CAOrderStatusViewController.m */,
			);
			path = "View Controllers";
			sourceTree = "<group>";
		};
		AF9F16F11A38B33900DBF6E0 /* Interface */ = {
			isa = PBXGroup;
			children = (
				AFCDC4111A39AC0F00EE755A /* Cells */,
				AF9F16F21A38B37600DBF6E0 /* CAAppearance.h */,
				AF9F16F31A38B37600DBF6E0 /* CAAppearance.m */,
				AFCDC40E1A3995EC00EE755A /* CAInsetSearchTextField.h */,
				AFCDC40F1A3995EC00EE755A /* CAInsetSearchTextField.m */,
				AFCDC4181A39CACB00EE755A /* CAInsetCafeRatingTextField.h */,
				AFCDC4191A39CACB00EE755A /* CAInsetCafeRatingTextField.m */,
				AFCDC41E1A39CD1200EE755A /* CAInsetCafeFeatureTextField.h */,
				AFCDC41F1A39CD1200EE755A /* CAInsetCafeFeatureTextField.m */,
				AF0423131A41BDC500204FB4 /* CAInsetFoodKindTextField.h */,
				AF0423141A41BDC500204FB4 /* CAInsetFoodKindTextField.m */,
				AF8FC7891AA5020D009591B3 /* UIImage+Color.h */,
				AF8FC78A1AA5020D009591B3 /* UIImage+Color.m */,
				AFCE20EA1AA5D7B50094B0AA /* CAQuantityTextField.h */,
				AFCE20EB1AA5D7B50094B0AA /* CAQuantityTextField.m */,
			);
			path = Interface;
			sourceTree = "<group>";
		};
		AF9F16F51A38B5A500DBF6E0 /* Categories */ = {
			isa = PBXGroup;
			children = (
				AF9F16F61A38B5CC00DBF6E0 /* UIViewController+CAFakeNavBar.h */,
				AF9F16F71A38B5CC00DBF6E0 /* UIViewController+CAFakeNavBar.m */,
				AF50EF8A1A42DCF700B9793A /* UIView+Utils.h */,
				AF50EF8B1A42DCF700B9793A /* UIView+Utils.m */,
				AF814CFD1A4C573900342157 /* UIViewController+Style.h */,
				AF814CFE1A4C573900342157 /* UIViewController+Style.m */,
			);
			path = Categories;
			sourceTree = "<group>";
		};
		AFCDC4111A39AC0F00EE755A /* Cells */ = {
			isa = PBXGroup;
			children = (
				AFCDC4121A39AC3900EE755A /* CAFoodKindCollectionViewCell.h */,
				AFCDC4131A39AC3900EE755A /* CAFoodKindCollectionViewCell.m */,
				AFCDC4151A39C28F00EE755A /* CACafeCell.h */,
				AFCDC4161A39C28F00EE755A /* CACafeCell.m */,
				AF0423161A41BE2700204FB4 /* CAPlaceKindCollectionViewCell.h */,
				AF0423171A41BE2700204FB4 /* CAPlaceKindCollectionViewCell.m */,
				AF2B4DFC1A41DEA900645259 /* CAFoodCell.h */,
				AF2B4DFD1A41DEA900645259 /* CAFoodCell.m */,
				AF814CE81A4893F500342157 /* CAMenuCell.h */,
				AF814CE91A4893F500342157 /* CAMenuCell.m */,
				AF814CEE1A495DD500342157 /* CAAboutSocialCell.h */,
				AF814CEF1A495DD500342157 /* CAAboutSocialCell.m */,
				AF814CF11A4972F500342157 /* CATextCell.h */,
				AF814CF21A4972F500342157 /* CATextCell.m */,
				AF814D031A4D4D0100342157 /* CABusinessLunchCell.h */,
				AF814D041A4D4D0100342157 /* CABusinessLunchCell.m */,
				AF814D091A4D50CF00342157 /* CAFoodCell.xib */,
				AF814D0B1A4D54F800342157 /* CAFoodCellSingle.h */,
				AF814D0C1A4D54F800342157 /* CAFoodCellSingle.m */,
				AF814D0D1A4D54F800342157 /* CAFoodCellSingle.xib */,
				AF4C84B91A90C21A00AFE32F /* CAFoodSectionCell.h */,
				AF4C84BA1A90C21A00AFE32F /* CAFoodSectionCell.m */,
				AF4C84BF1A90C7C200AFE32F /* CAFoodSetCell.h */,
				AF4C84C01A90C7C200AFE32F /* CAFoodSetCell.m */,
				AF8FC7861AA4F065009591B3 /* CAItemCell.h */,
				AF8FC7871AA4F065009591B3 /* CAItemCell.m */,
				AFCE20F01AA5E3E00094B0AA /* CAPickerCell.h */,
				AFCE20F11AA5E3E00094B0AA /* CAPickerCell.m */,
				AFBF23D71AAB75FB00182325 /* CAHistoryCell.h */,
				AFBF23D81AAB75FB00182325 /* CAHistoryCell.m */,
				AF0AC2471AAE352E00D09A72 /* CACheckoutNextCell.h */,
				AF0AC2481AAE352E00D09A72 /* CACheckoutNextCell.m */,
				AF64F1871AB0C2D200C005C0 /* CADatePickerCell.h */,
				AF64F1881AB0C2D200C005C0 /* CADatePickerCell.m */,
				AF64F18D1AB22C8400C005C0 /* CAProfileCell.h */,
				AF64F18E1AB22C8400C005C0 /* CAProfileCell.m */,
				AFDA61751AB32C0800F7E5EF /* CAOrderStatusCell.h */,
				AFDA61761AB32C0800F7E5EF /* CAOrderStatusCell.m */,
			);
			path = Cells;
			sourceTree = "<group>";
		};
		AFD892721A51FA400048DE27 /* Data */ = {
			isa = PBXGroup;
			children = (
				AFD892731A51FA5E0048DE27 /* CAPlace.h */,
				AFD892741A51FA5F0048DE27 /* CAPlace.m */,
				AF4C84AD1A90B9D300AFE32F /* CAMenu.h */,
				AF4C84AE1A90B9D300AFE32F /* CAMenu.m */,
				AF4C84B01A90BA3B00AFE32F /* CASection.h */,
				AF4C84B11A90BA3B00AFE32F /* CASection.m */,
				AF4C84B31A90BAC500AFE32F /* CAItem.h */,
				AF4C84B41A90BAC500AFE32F /* CAItem.m */,
				AF4C84BC1A90C69A00AFE32F /* CASet.h */,
				AF4C84BD1A90C69A00AFE32F /* CASet.m */,
			);
			path = Data;
			sourceTree = "<group>";
		};
		AFD892761A51FC4A0048DE27 /* Core */ = {
			isa = PBXGroup;
			children = (
				AFD892771A51FC550048DE27 /* CACore.h */,
				AFD892781A51FC550048DE27 /* CACore.m */,
				AFD8927A1A51FC9E0048DE27 /* CAPlacesManager.h */,
				AFD8927B1A51FC9E0048DE27 /* CAPlacesManager.m */,
				AF4C84B61A90BCC300AFE32F /* CAMenuManager.h */,
				AF4C84B71A90BCC300AFE32F /* CAMenuManager.m */,
				AF5845711AA2112800BBD2F1 /* CAShopCard.h */,
				AF5845721AA2112800BBD2F1 /* CAShopCard.m */,
			);
			path = Core;
			sourceTree = "<group>";
		};
		AFD8DCB81A2E0C770005DFB0 = {
			isa = PBXGroup;
			children = (
				AFD8DCC31A2E0C770005DFB0 /* Careba */,
				AFD8DCDD1A2E0C770005DFB0 /* CarebaTests */,
				AFD8DCC21A2E0C770005DFB0 /* Products */,
				CC1E2AE7D3568112004DFD29 /* Pods */,
				6A591623C145A9CDB1316070 /* Frameworks */,
			);
			sourceTree = "<group>";
		};
		AFD8DCC21A2E0C770005DFB0 /* Products */ = {
			isa = PBXGroup;
			children = (
				AFD8DCC11A2E0C770005DFB0 /* Careba.app */,
			);
			name = Products;
			sourceTree = "<group>";
		};
		AFD8DCC31A2E0C770005DFB0 /* Careba */ = {
			isa = PBXGroup;
			children = (
				AFD892761A51FC4A0048DE27 /* Core */,
				AFD892721A51FA400048DE27 /* Data */,
				AF2D614F1A4F1309009F0135 /* Vendor */,
				AF9F16F51A38B5A500DBF6E0 /* Categories */,
				AF9F16F11A38B33900DBF6E0 /* Interface */,
				AF8D76EA1A38A7DA0074017D /* View Controllers */,
				AF8D76E61A38A7AE0074017D /* Other */,
				AFD8DCC81A2E0C770005DFB0 /* AppDelegate.h */,
				AFD8DCC91A2E0C770005DFB0 /* AppDelegate.m */,
				AFD8DCCB1A2E0C770005DFB0 /* ViewController.h */,
				AFD8DCCC1A2E0C770005DFB0 /* ViewController.m */,
				AFD8DCCE1A2E0C770005DFB0 /* Main.storyboard */,
				AFD8DCD11A2E0C770005DFB0 /* Images.xcassets */,
				AFD8DCD31A2E0C770005DFB0 /* LaunchScreen.xib */,
				AFD8DCC41A2E0C770005DFB0 /* Supporting Files */,
				AF4C8EAD1A38AB6200E8390A /* Careba-Prefix.pch */,
			);
			path = Careba;
			sourceTree = "<group>";
		};
		AFD8DCC41A2E0C770005DFB0 /* Supporting Files */ = {
			isa = PBXGroup;
			children = (
				AFD8DCC51A2E0C770005DFB0 /* Info.plist */,
				AFD8DCC61A2E0C770005DFB0 /* main.m */,
			);
			name = "Supporting Files";
			sourceTree = "<group>";
		};
		AFD8DCDD1A2E0C770005DFB0 /* CarebaTests */ = {
			isa = PBXGroup;
			children = (
				AFD8DCE01A2E0C770005DFB0 /* CarebaTests.m */,
				AFD8DCDE1A2E0C770005DFB0 /* Supporting Files */,
			);
			path = CarebaTests;
			sourceTree = "<group>";
		};
		AFD8DCDE1A2E0C770005DFB0 /* Supporting Files */ = {
			isa = PBXGroup;
			children = (
				AFD8DCDF1A2E0C770005DFB0 /* Info.plist */,
			);
			name = "Supporting Files";
			sourceTree = "<group>";
		};
		CC1E2AE7D3568112004DFD29 /* Pods */ = {
			isa = PBXGroup;
			children = (
				2504B6489B0A92485BAE5F0E /* Pods-Careba.debug.xcconfig */,
				330778A4F7762BEF4E343B1C /* Pods-Careba.release.xcconfig */,
			);
			name = Pods;
			sourceTree = "<group>";
		};
/* End PBXGroup section */

/* Begin PBXNativeTarget section */
		AFD8DCC01A2E0C770005DFB0 /* Careba */ = {
			isa = PBXNativeTarget;
			buildConfigurationList = AFD8DCE41A2E0C770005DFB0 /* Build configuration list for PBXNativeTarget "Careba" */;
			buildPhases = (
				6325AAF517AE133902796814 /* Check Pods Manifest.lock */,
				AFD8DCBD1A2E0C770005DFB0 /* Sources */,
				AFD8DCBE1A2E0C770005DFB0 /* Frameworks */,
				AFD8DCBF1A2E0C770005DFB0 /* Resources */,
				ABB69F36E842B282BFE5E662 /* Copy Pods Resources */,
			);
			buildRules = (
			);
			dependencies = (
			);
			name = Careba;
			productName = Careba;
			productReference = AFD8DCC11A2E0C770005DFB0 /* Careba.app */;
			productType = "com.apple.product-type.application";
		};
/* End PBXNativeTarget section */

/* Begin PBXProject section */
		AFD8DCB91A2E0C770005DFB0 /* Project object */ = {
			isa = PBXProject;
			attributes = {
				LastUpgradeCheck = 0610;
				ORGANIZATIONNAME = "Dmitry Kurilo";
				TargetAttributes = {
					AFD8DCC01A2E0C770005DFB0 = {
						CreatedOnToolsVersion = 6.1;
						DevelopmentTeam = 8R33YG5PMM;
					};
				};
			};
			buildConfigurationList = AFD8DCBC1A2E0C770005DFB0 /* Build configuration list for PBXProject "Careba" */;
			compatibilityVersion = "Xcode 3.2";
			developmentRegion = English;
			hasScannedForEncodings = 0;
			knownRegions = (
				en,
				Base,
			);
			mainGroup = AFD8DCB81A2E0C770005DFB0;
			productRefGroup = AFD8DCC21A2E0C770005DFB0 /* Products */;
			projectDirPath = "";
			projectRoot = "";
			targets = (
				AFD8DCC01A2E0C770005DFB0 /* Careba */,
			);
		};
/* End PBXProject section */

/* Begin PBXResourcesBuildPhase section */
		AFD8DCBF1A2E0C770005DFB0 /* Resources */ = {
			isa = PBXResourcesBuildPhase;
			buildActionMask = 2147483647;
			files = (
				AF814D0F1A4D54F800342157 /* CAFoodCellSingle.xib in Resources */,
				AFD8DCD01A2E0C770005DFB0 /* Main.storyboard in Resources */,
				AFD8DCD51A2E0C770005DFB0 /* LaunchScreen.xib in Resources */,
				AFD8DCD21A2E0C770005DFB0 /* Images.xcassets in Resources */,
				AF814D0A1A4D50CF00342157 /* CAFoodCell.xib in Resources */,
			);
			runOnlyForDeploymentPostprocessing = 0;
		};
/* End PBXResourcesBuildPhase section */

/* Begin PBXShellScriptBuildPhase section */
		6325AAF517AE133902796814 /* Check Pods Manifest.lock */ = {
			isa = PBXShellScriptBuildPhase;
			buildActionMask = 2147483647;
			files = (
			);
			inputPaths = (
			);
			name = "Check Pods Manifest.lock";
			outputPaths = (
			);
			runOnlyForDeploymentPostprocessing = 0;
			shellPath = /bin/sh;
			shellScript = "diff \"${PODS_ROOT}/../Podfile.lock\" \"${PODS_ROOT}/Manifest.lock\" > /dev/null\nif [[ $? != 0 ]] ; then\n    cat << EOM\nerror: The sandbox is not in sync with the Podfile.lock. Run 'pod install' or update your CocoaPods installation.\nEOM\n    exit 1\nfi\n";
			showEnvVarsInLog = 0;
		};
		ABB69F36E842B282BFE5E662 /* Copy Pods Resources */ = {
			isa = PBXShellScriptBuildPhase;
			buildActionMask = 2147483647;
			files = (
			);
			inputPaths = (
			);
			name = "Copy Pods Resources";
			outputPaths = (
			);
			runOnlyForDeploymentPostprocessing = 0;
			shellPath = /bin/sh;
			shellScript = "\"${SRCROOT}/Pods/Target Support Files/Pods-Careba/Pods-Careba-resources.sh\"\n";
			showEnvVarsInLog = 0;
		};
/* End PBXShellScriptBuildPhase section */

/* Begin PBXSourcesBuildPhase section */
		AFD8DCBD1A2E0C770005DFB0 /* Sources */ = {
			isa = PBXSourcesBuildPhase;
			buildActionMask = 2147483647;
			files = (
				AF814D051A4D4D0100342157 /* CABusinessLunchCell.m in Sources */,
				AF814CF31A4972F500342157 /* CATextCell.m in Sources */,
				AFCDC41A1A39CACB00EE755A /* CAInsetCafeRatingTextField.m in Sources */,
				AFD8DCCD1A2E0C770005DFB0 /* ViewController.m in Sources */,
				AFCDC4101A3995EC00EE755A /* CAInsetSearchTextField.m in Sources */,
				AFBF23D31AAB702A00182325 /* CAPointsViewController.m in Sources */,
				AF814CFF1A4C573900342157 /* UIViewController+Style.m in Sources */,
				AF2B4DFE1A41DEA900645259 /* CAFoodCell.m in Sources */,
				AFD892751A51FA5F0048DE27 /* CAPlace.m in Sources */,
				AF64F1891AB0C2D200C005C0 /* CADatePickerCell.m in Sources */,
				AF5845731AA2112800BBD2F1 /* CAShopCard.m in Sources */,
				AF2D61591A4F131A009F0135 /* DZGDictionaryStringParser.m in Sources */,
				AF64F18F1AB22C8400C005C0 /* CAProfileCell.m in Sources */,
				AF9F16F41A38B37600DBF6E0 /* CAAppearance.m in Sources */,
				AF2D614B1A4F0FCC009F0135 /* CACodeViewController.m in Sources */,
				AF814CF91A4C56EA00342157 /* CAOrdersHistoryViewController.m in Sources */,
				AF4C84AF1A90B9D300AFE32F /* CAMenu.m in Sources */,
				AFCE20EF1AA5DCA40094B0AA /* CACheckoutNextViewController.m in Sources */,
				AF814CE71A48864C00342157 /* CAMenuViewController.m in Sources */,
				AFD8DCCA1A2E0C770005DFB0 /* AppDelegate.m in Sources */,
				AF4C84BB1A90C21A00AFE32F /* CAFoodSectionCell.m in Sources */,
				AF2D61581A4F131A009F0135 /* DZGImgGlyphTextView.m in Sources */,
				AF0423181A41BE2700204FB4 /* CAPlaceKindCollectionViewCell.m in Sources */,
				AFBF23D61AAB747900182325 /* CAHistoryViewController.m in Sources */,
				AFD8DCC71A2E0C770005DFB0 /* main.m in Sources */,
				AFCDC4141A39AC3900EE755A /* CAFoodKindCollectionViewCell.m in Sources */,
				AFCDC4201A39CD1200EE755A /* CAInsetCafeFeatureTextField.m in Sources */,
				AF4C84BE1A90C69A00AFE32F /* CASet.m in Sources */,
				AF9F16F81A38B5CC00DBF6E0 /* UIViewController+CAFakeNavBar.m in Sources */,
				AF64F18C1AB2297900C005C0 /* CAProfileViewController.m in Sources */,
				AF814CED1A494D6500342157 /* CAAboutViewController.m in Sources */,
				AF50EF8C1A42DCF700B9793A /* UIView+Utils.m in Sources */,
				AF8FC7881AA4F065009591B3 /* CAItemCell.m in Sources */,
				AF814CF01A495DD500342157 /* CAAboutSocialCell.m in Sources */,
				AFCE20EC1AA5D7B50094B0AA /* CAQuantityTextField.m in Sources */,
				AF0AC2491AAE352E00D09A72 /* CACheckoutNextCell.m in Sources */,
				AF2D614E1A4F11DE009F0135 /* CAWhatsYourNameViewController.m in Sources */,
				AF0423151A41BDC500204FB4 /* CAInsetFoodKindTextField.m in Sources */,
				AF814CF61A4C481200342157 /* CACheckoutViewController.m in Sources */,
				AF5FEBEF1AB3186100974A3D /* CAOrderStatusViewController.m in Sources */,
				AFD892791A51FC550048DE27 /* CACore.m in Sources */,
				AF4C84C11A90C7C200AFE32F /* CAFoodSetCell.m in Sources */,
				AFCE20F21AA5E3E00094B0AA /* CAPickerCell.m in Sources */,
				AFD8927C1A51FC9E0048DE27 /* CAPlacesManager.m in Sources */,
				AFDA61771AB32C0800F7E5EF /* CAOrderStatusCell.m in Sources */,
				AF4C84B81A90BCC300AFE32F /* CAMenuManager.m in Sources */,
				AF4C8EAC1A38AA7000E8390A /* CACafeListViewController.m in Sources */,
				AF814D021A4C57EA00342157 /* CABusinessLunchViewController.m in Sources */,
				AF814D0E1A4D54F800342157 /* CAFoodCellSingle.m in Sources */,
				AF2D61571A4F131A009F0135 /* DZGImgGlyphLabel.m in Sources */,
				AFBF23D91AAB75FB00182325 /* CAHistoryCell.m in Sources */,
				AF0423121A41A7DB00204FB4 /* CACafeAboutViewController.m in Sources */,
				AF4C84B21A90BA3B00AFE32F /* CASection.m in Sources */,
				AF2D615C1A4F3706009F0135 /* CACardViewController.m in Sources */,
				AF4C84B51A90BAC500AFE32F /* CAItem.m in Sources */,
				AF814D081A4D4FB400342157 /* CAFoodListViewController.m in Sources */,
				AF8FC78B1AA5020D009591B3 /* UIImage+Color.m in Sources */,
				AFCDC4171A39C28F00EE755A /* CACafeCell.m in Sources */,
				AF8D76E91A38A7C20074017D /* Constants.m in Sources */,
				AF814D121A4D715200342157 /* CAPhoneNumberConfirmationViewController.m in Sources */,
				AF814CEA1A4893F500342157 /* CAMenuCell.m in Sources */,
			);
			runOnlyForDeploymentPostprocessing = 0;
		};
/* End PBXSourcesBuildPhase section */

/* Begin PBXVariantGroup section */
		AFD8DCCE1A2E0C770005DFB0 /* Main.storyboard */ = {
			isa = PBXVariantGroup;
			children = (
				AFD8DCCF1A2E0C770005DFB0 /* Base */,
			);
			name = Main.storyboard;
			sourceTree = "<group>";
		};
		AFD8DCD31A2E0C770005DFB0 /* LaunchScreen.xib */ = {
			isa = PBXVariantGroup;
			children = (
				AFD8DCD41A2E0C770005DFB0 /* Base */,
			);
			name = LaunchScreen.xib;
			sourceTree = "<group>";
		};
/* End PBXVariantGroup section */

/* Begin XCBuildConfiguration section */
		AFD8DCE21A2E0C770005DFB0 /* Debug */ = {
			isa = XCBuildConfiguration;
			buildSettings = {
				ALWAYS_SEARCH_USER_PATHS = NO;
				CLANG_CXX_LANGUAGE_STANDARD = "gnu++0x";
				CLANG_CXX_LIBRARY = "libc++";
				CLANG_ENABLE_MODULES = YES;
				CLANG_ENABLE_OBJC_ARC = YES;
				CLANG_WARN_BOOL_CONVERSION = YES;
				CLANG_WARN_CONSTANT_CONVERSION = YES;
				CLANG_WARN_DIRECT_OBJC_ISA_USAGE = YES_ERROR;
				CLANG_WARN_EMPTY_BODY = YES;
				CLANG_WARN_ENUM_CONVERSION = YES;
				CLANG_WARN_INT_CONVERSION = YES;
				CLANG_WARN_OBJC_ROOT_CLASS = YES_ERROR;
				CLANG_WARN_UNREACHABLE_CODE = YES;
				CLANG_WARN__DUPLICATE_METHOD_MATCH = YES;
				"CODE_SIGN_IDENTITY[sdk=iphoneos*]" = "iPhone Developer";
				COPY_PHASE_STRIP = NO;
				ENABLE_STRICT_OBJC_MSGSEND = YES;
				GCC_C_LANGUAGE_STANDARD = gnu99;
				GCC_DYNAMIC_NO_PIC = NO;
				GCC_OPTIMIZATION_LEVEL = 0;
				GCC_PREPROCESSOR_DEFINITIONS = (
					"DEBUG=1",
					"$(inherited)",
				);
				GCC_SYMBOLS_PRIVATE_EXTERN = NO;
				GCC_WARN_64_TO_32_BIT_CONVERSION = YES;
				GCC_WARN_ABOUT_RETURN_TYPE = YES_ERROR;
				GCC_WARN_UNDECLARED_SELECTOR = YES;
				GCC_WARN_UNINITIALIZED_AUTOS = YES_AGGRESSIVE;
				GCC_WARN_UNUSED_FUNCTION = YES;
				GCC_WARN_UNUSED_VARIABLE = YES;
				IPHONEOS_DEPLOYMENT_TARGET = 8.1;
				MTL_ENABLE_DEBUG_INFO = YES;
				ONLY_ACTIVE_ARCH = YES;
				SDKROOT = iphoneos;
			};
			name = Debug;
		};
		AFD8DCE31A2E0C770005DFB0 /* Release */ = {
			isa = XCBuildConfiguration;
			buildSettings = {
				ALWAYS_SEARCH_USER_PATHS = NO;
				CLANG_CXX_LANGUAGE_STANDARD = "gnu++0x";
				CLANG_CXX_LIBRARY = "libc++";
				CLANG_ENABLE_MODULES = YES;
				CLANG_ENABLE_OBJC_ARC = YES;
				CLANG_WARN_BOOL_CONVERSION = YES;
				CLANG_WARN_CONSTANT_CONVERSION = YES;
				CLANG_WARN_DIRECT_OBJC_ISA_USAGE = YES_ERROR;
				CLANG_WARN_EMPTY_BODY = YES;
				CLANG_WARN_ENUM_CONVERSION = YES;
				CLANG_WARN_INT_CONVERSION = YES;
				CLANG_WARN_OBJC_ROOT_CLASS = YES_ERROR;
				CLANG_WARN_UNREACHABLE_CODE = YES;
				CLANG_WARN__DUPLICATE_METHOD_MATCH = YES;
				"CODE_SIGN_IDENTITY[sdk=iphoneos*]" = "iPhone Developer";
				COPY_PHASE_STRIP = YES;
				ENABLE_NS_ASSERTIONS = NO;
				ENABLE_STRICT_OBJC_MSGSEND = YES;
				GCC_C_LANGUAGE_STANDARD = gnu99;
				GCC_WARN_64_TO_32_BIT_CONVERSION = YES;
				GCC_WARN_ABOUT_RETURN_TYPE = YES_ERROR;
				GCC_WARN_UNDECLARED_SELECTOR = YES;
				GCC_WARN_UNINITIALIZED_AUTOS = YES_AGGRESSIVE;
				GCC_WARN_UNUSED_FUNCTION = YES;
				GCC_WARN_UNUSED_VARIABLE = YES;
				IPHONEOS_DEPLOYMENT_TARGET = 8.1;
				MTL_ENABLE_DEBUG_INFO = NO;
				SDKROOT = iphoneos;
				VALIDATE_PRODUCT = YES;
			};
			name = Release;
		};
		AFD8DCE51A2E0C770005DFB0 /* Debug */ = {
			isa = XCBuildConfiguration;
			baseConfigurationReference = 2504B6489B0A92485BAE5F0E /* Pods-Careba.debug.xcconfig */;
			buildSettings = {
				ARCHS = armv7;
				ASSETCATALOG_COMPILER_APPICON_NAME = AppIcon;
				CODE_SIGN_IDENTITY = "iPhone Developer";
				GCC_PREFIX_HEADER = "Careba/Careba-Prefix.pch";
				INFOPLIST_FILE = Careba/Info.plist;
				LD_RUNPATH_SEARCH_PATHS = "$(inherited) @executable_path/Frameworks";
				PRODUCT_NAME = "$(TARGET_NAME)";
				VALID_ARCHS = "$(ARCHS_STANDARD)";
			};
			name = Debug;
		};
		AFD8DCE61A2E0C770005DFB0 /* Release */ = {
			isa = XCBuildConfiguration;
			baseConfigurationReference = 330778A4F7762BEF4E343B1C /* Pods-Careba.release.xcconfig */;
			buildSettings = {
				ARCHS = armv7;
				ASSETCATALOG_COMPILER_APPICON_NAME = AppIcon;
				CODE_SIGN_IDENTITY = "iPhone Developer";
				GCC_PREFIX_HEADER = "Careba/Careba-Prefix.pch";
				INFOPLIST_FILE = Careba/Info.plist;
				LD_RUNPATH_SEARCH_PATHS = "$(inherited) @executable_path/Frameworks";
				PRODUCT_NAME = "$(TARGET_NAME)";
				VALID_ARCHS = "$(ARCHS_STANDARD)";
			};
			name = Release;
		};
/* End XCBuildConfiguration section */

/* Begin XCConfigurationList section */
		AFD8DCBC1A2E0C770005DFB0 /* Build configuration list for PBXProject "Careba" */ = {
			isa = XCConfigurationList;
			buildConfigurations = (
				AFD8DCE21A2E0C770005DFB0 /* Debug */,
				AFD8DCE31A2E0C770005DFB0 /* Release */,
			);
			defaultConfigurationIsVisible = 0;
			defaultConfigurationName = Release;
		};
		AFD8DCE41A2E0C770005DFB0 /* Build configuration list for PBXNativeTarget "Careba" */ = {
			isa = XCConfigurationList;
			buildConfigurations = (
				AFD8DCE51A2E0C770005DFB0 /* Debug */,
				AFD8DCE61A2E0C770005DFB0 /* Release */,
			);
			defaultConfigurationIsVisible = 0;
			defaultConfigurationName = Release;
		};
/* End XCConfigurationList section */
	};
	rootObject = AFD8DCB91A2E0C770005DFB0 /* Project object */;
}
